
Microsoft Visual Studio Solution File, Format Version 12.00
# Visual Studio 15
VisualStudioVersion = 15.0.27130.2027
MinimumVisualStudioVersion = 15.0.26124.0
Project("{9A19103F-16F7-4668-BE54-9A1E7A4F7556}") = "Veldrid", "..\src\Veldrid\Veldrid.csproj", "{60D56E4A-FA7A-4664-BEF0-0A29F41518BF}"
EndProject
Project("{9A19103F-16F7-4668-BE54-9A1E7A4F7556}") = "Veldrid.SDL2", "..\src\Veldrid.SDL2\Veldrid.SDL2.csproj", "{8B11C7C1-EA56-4449-B7A4-ECBB17D566C3}"
EndProject
Project("{9A19103F-16F7-4668-BE54-9A1E7A4F7556}") = "NeoDemo", "..\src\NeoDemo\NeoDemo.csproj", "{5359D055-6DD0-47FE-BA32-F6FDFAAFE999}"
EndProject
Project("{9A19103F-16F7-4668-BE54-9A1E7A4F7556}") = "Veldrid.StartupUtilities", "..\src\Veldrid.StartupUtilities\Veldrid.StartupUtilities.csproj", "{A2DA940F-F006-42AD-B4AA-50766B32A9EA}"
EndProject
Project("{9A19103F-16F7-4668-BE54-9A1E7A4F7556}") = "Veldrid.Utilities", "..\src\Veldrid.Utilities\Veldrid.Utilities.csproj", "{3C8555BB-2BD9-4973-BFD9-DCAFDCD5955D}"
EndProject
Project("{9A19103F-16F7-4668-BE54-9A1E7A4F7556}") = "Veldrid.ImageSharp", "..\src\Veldrid.ImageSharp\Veldrid.ImageSharp.csproj", "{B1AEBA69-C61C-41E7-9126-2087B3D5CAFA}"
EndProject
Project("{9A19103F-16F7-4668-BE54-9A1E7A4F7556}") = "Veldrid.ImGui", "..\src\Veldrid.ImGui\Veldrid.ImGui.csproj", "{CC4A7F71-EF76-4D29-BF63-90E2F28D7C93}"
EndProject
Project("{9A19103F-16F7-4668-BE54-9A1E7A4F7556}") = "Veldrid.OpenGLBindings", "..\src\Veldrid.OpenGLBindings\Veldrid.OpenGLBindings.csproj", "{6E93B2E1-BF0B-4268-94BA-E951ECC4DD7F}"
EndProject
Project("{9A19103F-16F7-4668-BE54-9A1E7A4F7556}") = "Veldrid.Tests", "..\src\Veldrid.Tests\Veldrid.Tests.csproj", "{63CBCF9E-E4B6-4932-90FA-4671F7351685}"
EndProject
Project("{9A19103F-16F7-4668-BE54-9A1E7A4F7556}") = "Veldrid.MetalBindings", "..\src\Veldrid.MetalBindings\Veldrid.MetalBindings.csproj", "{6647F17C-02E9-4EF2-B882-40E22A187744}"
EndProject
Project("{9A19103F-16F7-4668-BE54-9A1E7A4F7556}") = "Veldrid.VirtualReality", "..\src\Veldrid.VirtualReality\Veldrid.VirtualReality.csproj", "{26E05692-5C34-4457-96E6-DF65296284D7}"
EndProject
Project("{9A19103F-16F7-4668-BE54-9A1E7A4F7556}") = "Veldrid.VirtualReality.Sample", "..\src\Veldrid.VirtualReality.Sample\Veldrid.VirtualReality.Sample.csproj", "{830C467F-6068-4BCD-B8B8-6EAD72321350}"
EndProject
Project("{9A19103F-16F7-4668-BE54-9A1E7A4F7556}") = "Veldrid.RenderDoc", "..\src\Veldrid.RenderDoc\Veldrid.RenderDoc.csproj", "{AFAEF056-CAD3-4C32-AEC3-AAC35A251295}"
EndProject
Project("{9A19103F-16F7-4668-BE54-9A1E7A4F7556}") = "AssetPrimitives", "AssetPrimitives\AssetPrimitives.csproj", "{CB46FB8D-050D-46DC-94F8-25AEB0A2A955}"
EndProject
Project("{2150E333-8FDC-42A3-9474-1A3956D46DE8}") = "src", "src", "{1131953F-78D7-4A70-B078-EEA3FC284FB5}"
EndProject
Project("{9A19103F-16F7-4668-BE54-9A1E7A4F7556}") = "AssetProcessor", "AssetProcessor\AssetProcessor.csproj", "{8967AEBF-5CBC-4EAD-B509-2A310877FB88}"
EndProject
Project("{9A19103F-16F7-4668-BE54-9A1E7A4F7556}") = "SampleGallery.Core", "SampleGallery.Core\SampleGallery.Core.csproj", "{C359C613-466F-41AD-A150-E1B6CFE785A5}"
EndProject
Project("{9A19103F-16F7-4668-BE54-9A1E7A4F7556}") = "SimpleMeshRender", "SimpleMeshRender\SimpleMeshRender.csproj", "{BA16808B-FBB7-4051-AC23-AAFB3422D2AB}"
EndProject
Project("{9A19103F-16F7-4668-BE54-9A1E7A4F7556}") = "Gallery.Desktop", "Gallery.Desktop\Gallery.Desktop.csproj", "{7A58D8F2-DDAE-407A-8BC7-352D345D8A3D}"
EndProject
Project("{FAE04EC0-301F-11D3-BF4B-00C04F79EFBC}") = "Gallery.Android", "Gallery.Android\Gallery.Android.csproj", "{0B32F9CC-0A07-44AE-B6A9-3CC1533D3E77}"
EndProject
Project("{FAE04EC0-301F-11D3-BF4B-00C04F79EFBC}") = "Gallery.iOS", "Gallery.iOS\Gallery.iOS.csproj", "{80A96B52-6758-4BDB-B0B4-CEA4CA155C60}"
EndProject
Project("{9A19103F-16F7-4668-BE54-9A1E7A4F7556}") = "Veldrid.InputPrimitives", "..\src\Veldrid.InputPrimitives\Veldrid.InputPrimitives.csproj", "{3678BB19-30C3-4FE4-BD8C-BF57954E0BEF}"
EndProject
Project("{9A19103F-16F7-4668-BE54-9A1E7A4F7556}") = "Veldrid.StbImage", "..\src\Veldrid.StbImage\Veldrid.StbImage.csproj", "{289C73E7-DE85-4AF6-9605-007D2CE9B79C}"
EndProject
Global
	GlobalSection(SolutionConfigurationPlatforms) = preSolution
		Debug|Any CPU = Debug|Any CPU
		Debug|ARM = Debug|ARM
		Debug|iPhone = Debug|iPhone
		Debug|iPhoneSimulator = Debug|iPhoneSimulator
		Debug|x64 = Debug|x64
		Debug|x86 = Debug|x86
		Release|Any CPU = Release|Any CPU
		Release|ARM = Release|ARM
		Release|iPhone = Release|iPhone
		Release|iPhoneSimulator = Release|iPhoneSimulator
		Release|x64 = Release|x64
		Release|x86 = Release|x86
	EndGlobalSection
	GlobalSection(ProjectConfigurationPlatforms) = postSolution
		{60D56E4A-FA7A-4664-BEF0-0A29F41518BF}.Debug|Any CPU.ActiveCfg = Debug|Any CPU
		{60D56E4A-FA7A-4664-BEF0-0A29F41518BF}.Debug|Any CPU.Build.0 = Debug|Any CPU
		{60D56E4A-FA7A-4664-BEF0-0A29F41518BF}.Debug|ARM.ActiveCfg = Debug|Any CPU
		{60D56E4A-FA7A-4664-BEF0-0A29F41518BF}.Debug|ARM.Build.0 = Debug|Any CPU
		{60D56E4A-FA7A-4664-BEF0-0A29F41518BF}.Debug|iPhone.ActiveCfg = Debug|Any CPU
		{60D56E4A-FA7A-4664-BEF0-0A29F41518BF}.Debug|iPhone.Build.0 = Debug|Any CPU
		{60D56E4A-FA7A-4664-BEF0-0A29F41518BF}.Debug|iPhoneSimulator.ActiveCfg = Debug|Any CPU
		{60D56E4A-FA7A-4664-BEF0-0A29F41518BF}.Debug|iPhoneSimulator.Build.0 = Debug|Any CPU
		{60D56E4A-FA7A-4664-BEF0-0A29F41518BF}.Debug|x64.ActiveCfg = Debug|Any CPU
		{60D56E4A-FA7A-4664-BEF0-0A29F41518BF}.Debug|x64.Build.0 = Debug|Any CPU
		{60D56E4A-FA7A-4664-BEF0-0A29F41518BF}.Debug|x86.ActiveCfg = Debug|Any CPU
		{60D56E4A-FA7A-4664-BEF0-0A29F41518BF}.Debug|x86.Build.0 = Debug|Any CPU
		{60D56E4A-FA7A-4664-BEF0-0A29F41518BF}.Release|Any CPU.ActiveCfg = Release|Any CPU
		{60D56E4A-FA7A-4664-BEF0-0A29F41518BF}.Release|Any CPU.Build.0 = Release|Any CPU
		{60D56E4A-FA7A-4664-BEF0-0A29F41518BF}.Release|ARM.ActiveCfg = Release|Any CPU
		{60D56E4A-FA7A-4664-BEF0-0A29F41518BF}.Release|ARM.Build.0 = Release|Any CPU
		{60D56E4A-FA7A-4664-BEF0-0A29F41518BF}.Release|iPhone.ActiveCfg = Release|Any CPU
		{60D56E4A-FA7A-4664-BEF0-0A29F41518BF}.Release|iPhone.Build.0 = Release|Any CPU
		{60D56E4A-FA7A-4664-BEF0-0A29F41518BF}.Release|iPhoneSimulator.ActiveCfg = Release|Any CPU
		{60D56E4A-FA7A-4664-BEF0-0A29F41518BF}.Release|iPhoneSimulator.Build.0 = Release|Any CPU
		{60D56E4A-FA7A-4664-BEF0-0A29F41518BF}.Release|x64.ActiveCfg = Release|Any CPU
		{60D56E4A-FA7A-4664-BEF0-0A29F41518BF}.Release|x64.Build.0 = Release|Any CPU
		{60D56E4A-FA7A-4664-BEF0-0A29F41518BF}.Release|x86.ActiveCfg = Release|Any CPU
		{60D56E4A-FA7A-4664-BEF0-0A29F41518BF}.Release|x86.Build.0 = Release|Any CPU
		{8B11C7C1-EA56-4449-B7A4-ECBB17D566C3}.Debug|Any CPU.ActiveCfg = Debug|Any CPU
		{8B11C7C1-EA56-4449-B7A4-ECBB17D566C3}.Debug|Any CPU.Build.0 = Debug|Any CPU
		{8B11C7C1-EA56-4449-B7A4-ECBB17D566C3}.Debug|ARM.ActiveCfg = Debug|Any CPU
		{8B11C7C1-EA56-4449-B7A4-ECBB17D566C3}.Debug|ARM.Build.0 = Debug|Any CPU
		{8B11C7C1-EA56-4449-B7A4-ECBB17D566C3}.Debug|iPhone.ActiveCfg = Debug|Any CPU
		{8B11C7C1-EA56-4449-B7A4-ECBB17D566C3}.Debug|iPhone.Build.0 = Debug|Any CPU
		{8B11C7C1-EA56-4449-B7A4-ECBB17D566C3}.Debug|iPhoneSimulator.ActiveCfg = Debug|Any CPU
		{8B11C7C1-EA56-4449-B7A4-ECBB17D566C3}.Debug|iPhoneSimulator.Build.0 = Debug|Any CPU
		{8B11C7C1-EA56-4449-B7A4-ECBB17D566C3}.Debug|x64.ActiveCfg = Debug|Any CPU
		{8B11C7C1-EA56-4449-B7A4-ECBB17D566C3}.Debug|x64.Build.0 = Debug|Any CPU
		{8B11C7C1-EA56-4449-B7A4-ECBB17D566C3}.Debug|x86.ActiveCfg = Debug|Any CPU
		{8B11C7C1-EA56-4449-B7A4-ECBB17D566C3}.Debug|x86.Build.0 = Debug|Any CPU
		{8B11C7C1-EA56-4449-B7A4-ECBB17D566C3}.Release|Any CPU.ActiveCfg = Release|Any CPU
		{8B11C7C1-EA56-4449-B7A4-ECBB17D566C3}.Release|Any CPU.Build.0 = Release|Any CPU
		{8B11C7C1-EA56-4449-B7A4-ECBB17D566C3}.Release|ARM.ActiveCfg = Release|Any CPU
		{8B11C7C1-EA56-4449-B7A4-ECBB17D566C3}.Release|ARM.Build.0 = Release|Any CPU
		{8B11C7C1-EA56-4449-B7A4-ECBB17D566C3}.Release|iPhone.ActiveCfg = Release|Any CPU
		{8B11C7C1-EA56-4449-B7A4-ECBB17D566C3}.Release|iPhone.Build.0 = Release|Any CPU
		{8B11C7C1-EA56-4449-B7A4-ECBB17D566C3}.Release|iPhoneSimulator.ActiveCfg = Release|Any CPU
		{8B11C7C1-EA56-4449-B7A4-ECBB17D566C3}.Release|iPhoneSimulator.Build.0 = Release|Any CPU
		{8B11C7C1-EA56-4449-B7A4-ECBB17D566C3}.Release|x64.ActiveCfg = Release|Any CPU
		{8B11C7C1-EA56-4449-B7A4-ECBB17D566C3}.Release|x64.Build.0 = Release|Any CPU
		{8B11C7C1-EA56-4449-B7A4-ECBB17D566C3}.Release|x86.ActiveCfg = Release|Any CPU
		{8B11C7C1-EA56-4449-B7A4-ECBB17D566C3}.Release|x86.Build.0 = Release|Any CPU
		{5359D055-6DD0-47FE-BA32-F6FDFAAFE999}.Debug|Any CPU.ActiveCfg = Debug|Any CPU
		{5359D055-6DD0-47FE-BA32-F6FDFAAFE999}.Debug|Any CPU.Build.0 = Debug|Any CPU
		{5359D055-6DD0-47FE-BA32-F6FDFAAFE999}.Debug|ARM.ActiveCfg = Debug|Any CPU
		{5359D055-6DD0-47FE-BA32-F6FDFAAFE999}.Debug|ARM.Build.0 = Debug|Any CPU
		{5359D055-6DD0-47FE-BA32-F6FDFAAFE999}.Debug|iPhone.ActiveCfg = Debug|Any CPU
		{5359D055-6DD0-47FE-BA32-F6FDFAAFE999}.Debug|iPhone.Build.0 = Debug|Any CPU
		{5359D055-6DD0-47FE-BA32-F6FDFAAFE999}.Debug|iPhoneSimulator.ActiveCfg = Debug|Any CPU
		{5359D055-6DD0-47FE-BA32-F6FDFAAFE999}.Debug|iPhoneSimulator.Build.0 = Debug|Any CPU
		{5359D055-6DD0-47FE-BA32-F6FDFAAFE999}.Debug|x64.ActiveCfg = Debug|Any CPU
		{5359D055-6DD0-47FE-BA32-F6FDFAAFE999}.Debug|x64.Build.0 = Debug|Any CPU
		{5359D055-6DD0-47FE-BA32-F6FDFAAFE999}.Debug|x86.ActiveCfg = Debug|Any CPU
		{5359D055-6DD0-47FE-BA32-F6FDFAAFE999}.Debug|x86.Build.0 = Debug|Any CPU
		{5359D055-6DD0-47FE-BA32-F6FDFAAFE999}.Release|Any CPU.ActiveCfg = Release|Any CPU
		{5359D055-6DD0-47FE-BA32-F6FDFAAFE999}.Release|Any CPU.Build.0 = Release|Any CPU
		{5359D055-6DD0-47FE-BA32-F6FDFAAFE999}.Release|ARM.ActiveCfg = Release|Any CPU
		{5359D055-6DD0-47FE-BA32-F6FDFAAFE999}.Release|ARM.Build.0 = Release|Any CPU
		{5359D055-6DD0-47FE-BA32-F6FDFAAFE999}.Release|iPhone.ActiveCfg = Release|Any CPU
		{5359D055-6DD0-47FE-BA32-F6FDFAAFE999}.Release|iPhone.Build.0 = Release|Any CPU
		{5359D055-6DD0-47FE-BA32-F6FDFAAFE999}.Release|iPhoneSimulator.ActiveCfg = Release|Any CPU
		{5359D055-6DD0-47FE-BA32-F6FDFAAFE999}.Release|iPhoneSimulator.Build.0 = Release|Any CPU
		{5359D055-6DD0-47FE-BA32-F6FDFAAFE999}.Release|x64.ActiveCfg = Release|Any CPU
		{5359D055-6DD0-47FE-BA32-F6FDFAAFE999}.Release|x64.Build.0 = Release|Any CPU
		{5359D055-6DD0-47FE-BA32-F6FDFAAFE999}.Release|x86.ActiveCfg = Release|Any CPU
		{5359D055-6DD0-47FE-BA32-F6FDFAAFE999}.Release|x86.Build.0 = Release|Any CPU
		{A2DA940F-F006-42AD-B4AA-50766B32A9EA}.Debug|Any CPU.ActiveCfg = Debug|Any CPU
		{A2DA940F-F006-42AD-B4AA-50766B32A9EA}.Debug|Any CPU.Build.0 = Debug|Any CPU
		{A2DA940F-F006-42AD-B4AA-50766B32A9EA}.Debug|ARM.ActiveCfg = Debug|Any CPU
		{A2DA940F-F006-42AD-B4AA-50766B32A9EA}.Debug|ARM.Build.0 = Debug|Any CPU
		{A2DA940F-F006-42AD-B4AA-50766B32A9EA}.Debug|iPhone.ActiveCfg = Debug|Any CPU
		{A2DA940F-F006-42AD-B4AA-50766B32A9EA}.Debug|iPhone.Build.0 = Debug|Any CPU
		{A2DA940F-F006-42AD-B4AA-50766B32A9EA}.Debug|iPhoneSimulator.ActiveCfg = Debug|Any CPU
		{A2DA940F-F006-42AD-B4AA-50766B32A9EA}.Debug|iPhoneSimulator.Build.0 = Debug|Any CPU
		{A2DA940F-F006-42AD-B4AA-50766B32A9EA}.Debug|x64.ActiveCfg = Debug|Any CPU
		{A2DA940F-F006-42AD-B4AA-50766B32A9EA}.Debug|x64.Build.0 = Debug|Any CPU
		{A2DA940F-F006-42AD-B4AA-50766B32A9EA}.Debug|x86.ActiveCfg = Debug|Any CPU
		{A2DA940F-F006-42AD-B4AA-50766B32A9EA}.Debug|x86.Build.0 = Debug|Any CPU
		{A2DA940F-F006-42AD-B4AA-50766B32A9EA}.Release|Any CPU.ActiveCfg = Release|Any CPU
		{A2DA940F-F006-42AD-B4AA-50766B32A9EA}.Release|Any CPU.Build.0 = Release|Any CPU
		{A2DA940F-F006-42AD-B4AA-50766B32A9EA}.Release|ARM.ActiveCfg = Release|Any CPU
		{A2DA940F-F006-42AD-B4AA-50766B32A9EA}.Release|ARM.Build.0 = Release|Any CPU
		{A2DA940F-F006-42AD-B4AA-50766B32A9EA}.Release|iPhone.ActiveCfg = Release|Any CPU
		{A2DA940F-F006-42AD-B4AA-50766B32A9EA}.Release|iPhone.Build.0 = Release|Any CPU
		{A2DA940F-F006-42AD-B4AA-50766B32A9EA}.Release|iPhoneSimulator.ActiveCfg = Release|Any CPU
		{A2DA940F-F006-42AD-B4AA-50766B32A9EA}.Release|iPhoneSimulator.Build.0 = Release|Any CPU
		{A2DA940F-F006-42AD-B4AA-50766B32A9EA}.Release|x64.ActiveCfg = Release|Any CPU
		{A2DA940F-F006-42AD-B4AA-50766B32A9EA}.Release|x64.Build.0 = Release|Any CPU
		{A2DA940F-F006-42AD-B4AA-50766B32A9EA}.Release|x86.ActiveCfg = Release|Any CPU
		{A2DA940F-F006-42AD-B4AA-50766B32A9EA}.Release|x86.Build.0 = Release|Any CPU
		{3C8555BB-2BD9-4973-BFD9-DCAFDCD5955D}.Debug|Any CPU.ActiveCfg = Debug|Any CPU
		{3C8555BB-2BD9-4973-BFD9-DCAFDCD5955D}.Debug|Any CPU.Build.0 = Debug|Any CPU
		{3C8555BB-2BD9-4973-BFD9-DCAFDCD5955D}.Debug|ARM.ActiveCfg = Debug|Any CPU
		{3C8555BB-2BD9-4973-BFD9-DCAFDCD5955D}.Debug|ARM.Build.0 = Debug|Any CPU
		{3C8555BB-2BD9-4973-BFD9-DCAFDCD5955D}.Debug|iPhone.ActiveCfg = Debug|Any CPU
		{3C8555BB-2BD9-4973-BFD9-DCAFDCD5955D}.Debug|iPhone.Build.0 = Debug|Any CPU
		{3C8555BB-2BD9-4973-BFD9-DCAFDCD5955D}.Debug|iPhoneSimulator.ActiveCfg = Debug|Any CPU
		{3C8555BB-2BD9-4973-BFD9-DCAFDCD5955D}.Debug|iPhoneSimulator.Build.0 = Debug|Any CPU
		{3C8555BB-2BD9-4973-BFD9-DCAFDCD5955D}.Debug|x64.ActiveCfg = Debug|Any CPU
		{3C8555BB-2BD9-4973-BFD9-DCAFDCD5955D}.Debug|x64.Build.0 = Debug|Any CPU
		{3C8555BB-2BD9-4973-BFD9-DCAFDCD5955D}.Debug|x86.ActiveCfg = Debug|Any CPU
		{3C8555BB-2BD9-4973-BFD9-DCAFDCD5955D}.Debug|x86.Build.0 = Debug|Any CPU
		{3C8555BB-2BD9-4973-BFD9-DCAFDCD5955D}.Release|Any CPU.ActiveCfg = Release|Any CPU
		{3C8555BB-2BD9-4973-BFD9-DCAFDCD5955D}.Release|Any CPU.Build.0 = Release|Any CPU
		{3C8555BB-2BD9-4973-BFD9-DCAFDCD5955D}.Release|ARM.ActiveCfg = Release|Any CPU
		{3C8555BB-2BD9-4973-BFD9-DCAFDCD5955D}.Release|ARM.Build.0 = Release|Any CPU
		{3C8555BB-2BD9-4973-BFD9-DCAFDCD5955D}.Release|iPhone.ActiveCfg = Release|Any CPU
		{3C8555BB-2BD9-4973-BFD9-DCAFDCD5955D}.Release|iPhone.Build.0 = Release|Any CPU
		{3C8555BB-2BD9-4973-BFD9-DCAFDCD5955D}.Release|iPhoneSimulator.ActiveCfg = Release|Any CPU
		{3C8555BB-2BD9-4973-BFD9-DCAFDCD5955D}.Release|iPhoneSimulator.Build.0 = Release|Any CPU
		{3C8555BB-2BD9-4973-BFD9-DCAFDCD5955D}.Release|x64.ActiveCfg = Release|Any CPU
		{3C8555BB-2BD9-4973-BFD9-DCAFDCD5955D}.Release|x64.Build.0 = Release|Any CPU
		{3C8555BB-2BD9-4973-BFD9-DCAFDCD5955D}.Release|x86.ActiveCfg = Release|Any CPU
		{3C8555BB-2BD9-4973-BFD9-DCAFDCD5955D}.Release|x86.Build.0 = Release|Any CPU
		{B1AEBA69-C61C-41E7-9126-2087B3D5CAFA}.Debug|Any CPU.ActiveCfg = Debug|Any CPU
		{B1AEBA69-C61C-41E7-9126-2087B3D5CAFA}.Debug|Any CPU.Build.0 = Debug|Any CPU
		{B1AEBA69-C61C-41E7-9126-2087B3D5CAFA}.Debug|ARM.ActiveCfg = Debug|Any CPU
		{B1AEBA69-C61C-41E7-9126-2087B3D5CAFA}.Debug|ARM.Build.0 = Debug|Any CPU
		{B1AEBA69-C61C-41E7-9126-2087B3D5CAFA}.Debug|iPhone.ActiveCfg = Debug|Any CPU
		{B1AEBA69-C61C-41E7-9126-2087B3D5CAFA}.Debug|iPhone.Build.0 = Debug|Any CPU
		{B1AEBA69-C61C-41E7-9126-2087B3D5CAFA}.Debug|iPhoneSimulator.ActiveCfg = Debug|Any CPU
		{B1AEBA69-C61C-41E7-9126-2087B3D5CAFA}.Debug|iPhoneSimulator.Build.0 = Debug|Any CPU
		{B1AEBA69-C61C-41E7-9126-2087B3D5CAFA}.Debug|x64.ActiveCfg = Debug|Any CPU
		{B1AEBA69-C61C-41E7-9126-2087B3D5CAFA}.Debug|x64.Build.0 = Debug|Any CPU
		{B1AEBA69-C61C-41E7-9126-2087B3D5CAFA}.Debug|x86.ActiveCfg = Debug|Any CPU
		{B1AEBA69-C61C-41E7-9126-2087B3D5CAFA}.Debug|x86.Build.0 = Debug|Any CPU
		{B1AEBA69-C61C-41E7-9126-2087B3D5CAFA}.Release|Any CPU.ActiveCfg = Release|Any CPU
		{B1AEBA69-C61C-41E7-9126-2087B3D5CAFA}.Release|Any CPU.Build.0 = Release|Any CPU
		{B1AEBA69-C61C-41E7-9126-2087B3D5CAFA}.Release|ARM.ActiveCfg = Release|Any CPU
		{B1AEBA69-C61C-41E7-9126-2087B3D5CAFA}.Release|ARM.Build.0 = Release|Any CPU
		{B1AEBA69-C61C-41E7-9126-2087B3D5CAFA}.Release|iPhone.ActiveCfg = Release|Any CPU
		{B1AEBA69-C61C-41E7-9126-2087B3D5CAFA}.Release|iPhone.Build.0 = Release|Any CPU
		{B1AEBA69-C61C-41E7-9126-2087B3D5CAFA}.Release|iPhoneSimulator.ActiveCfg = Release|Any CPU
		{B1AEBA69-C61C-41E7-9126-2087B3D5CAFA}.Release|iPhoneSimulator.Build.0 = Release|Any CPU
		{B1AEBA69-C61C-41E7-9126-2087B3D5CAFA}.Release|x64.ActiveCfg = Release|Any CPU
		{B1AEBA69-C61C-41E7-9126-2087B3D5CAFA}.Release|x64.Build.0 = Release|Any CPU
		{B1AEBA69-C61C-41E7-9126-2087B3D5CAFA}.Release|x86.ActiveCfg = Release|Any CPU
		{B1AEBA69-C61C-41E7-9126-2087B3D5CAFA}.Release|x86.Build.0 = Release|Any CPU
		{CC4A7F71-EF76-4D29-BF63-90E2F28D7C93}.Debug|Any CPU.ActiveCfg = Debug|Any CPU
		{CC4A7F71-EF76-4D29-BF63-90E2F28D7C93}.Debug|Any CPU.Build.0 = Debug|Any CPU
		{CC4A7F71-EF76-4D29-BF63-90E2F28D7C93}.Debug|ARM.ActiveCfg = Debug|Any CPU
		{CC4A7F71-EF76-4D29-BF63-90E2F28D7C93}.Debug|ARM.Build.0 = Debug|Any CPU
		{CC4A7F71-EF76-4D29-BF63-90E2F28D7C93}.Debug|iPhone.ActiveCfg = Debug|Any CPU
		{CC4A7F71-EF76-4D29-BF63-90E2F28D7C93}.Debug|iPhone.Build.0 = Debug|Any CPU
		{CC4A7F71-EF76-4D29-BF63-90E2F28D7C93}.Debug|iPhoneSimulator.ActiveCfg = Debug|Any CPU
		{CC4A7F71-EF76-4D29-BF63-90E2F28D7C93}.Debug|iPhoneSimulator.Build.0 = Debug|Any CPU
		{CC4A7F71-EF76-4D29-BF63-90E2F28D7C93}.Debug|x64.ActiveCfg = Debug|Any CPU
		{CC4A7F71-EF76-4D29-BF63-90E2F28D7C93}.Debug|x64.Build.0 = Debug|Any CPU
		{CC4A7F71-EF76-4D29-BF63-90E2F28D7C93}.Debug|x86.ActiveCfg = Debug|Any CPU
		{CC4A7F71-EF76-4D29-BF63-90E2F28D7C93}.Debug|x86.Build.0 = Debug|Any CPU
		{CC4A7F71-EF76-4D29-BF63-90E2F28D7C93}.Release|Any CPU.ActiveCfg = Release|Any CPU
		{CC4A7F71-EF76-4D29-BF63-90E2F28D7C93}.Release|Any CPU.Build.0 = Release|Any CPU
		{CC4A7F71-EF76-4D29-BF63-90E2F28D7C93}.Release|ARM.ActiveCfg = Release|Any CPU
		{CC4A7F71-EF76-4D29-BF63-90E2F28D7C93}.Release|ARM.Build.0 = Release|Any CPU
		{CC4A7F71-EF76-4D29-BF63-90E2F28D7C93}.Release|iPhone.ActiveCfg = Release|Any CPU
		{CC4A7F71-EF76-4D29-BF63-90E2F28D7C93}.Release|iPhone.Build.0 = Release|Any CPU
		{CC4A7F71-EF76-4D29-BF63-90E2F28D7C93}.Release|iPhoneSimulator.ActiveCfg = Release|Any CPU
		{CC4A7F71-EF76-4D29-BF63-90E2F28D7C93}.Release|iPhoneSimulator.Build.0 = Release|Any CPU
		{CC4A7F71-EF76-4D29-BF63-90E2F28D7C93}.Release|x64.ActiveCfg = Release|Any CPU
		{CC4A7F71-EF76-4D29-BF63-90E2F28D7C93}.Release|x64.Build.0 = Release|Any CPU
		{CC4A7F71-EF76-4D29-BF63-90E2F28D7C93}.Release|x86.ActiveCfg = Release|Any CPU
		{CC4A7F71-EF76-4D29-BF63-90E2F28D7C93}.Release|x86.Build.0 = Release|Any CPU
		{6E93B2E1-BF0B-4268-94BA-E951ECC4DD7F}.Debug|Any CPU.ActiveCfg = Debug|Any CPU
		{6E93B2E1-BF0B-4268-94BA-E951ECC4DD7F}.Debug|Any CPU.Build.0 = Debug|Any CPU
		{6E93B2E1-BF0B-4268-94BA-E951ECC4DD7F}.Debug|ARM.ActiveCfg = Debug|Any CPU
		{6E93B2E1-BF0B-4268-94BA-E951ECC4DD7F}.Debug|ARM.Build.0 = Debug|Any CPU
		{6E93B2E1-BF0B-4268-94BA-E951ECC4DD7F}.Debug|iPhone.ActiveCfg = Debug|Any CPU
		{6E93B2E1-BF0B-4268-94BA-E951ECC4DD7F}.Debug|iPhone.Build.0 = Debug|Any CPU
		{6E93B2E1-BF0B-4268-94BA-E951ECC4DD7F}.Debug|iPhoneSimulator.ActiveCfg = Debug|Any CPU
		{6E93B2E1-BF0B-4268-94BA-E951ECC4DD7F}.Debug|iPhoneSimulator.Build.0 = Debug|Any CPU
		{6E93B2E1-BF0B-4268-94BA-E951ECC4DD7F}.Debug|x64.ActiveCfg = Debug|Any CPU
		{6E93B2E1-BF0B-4268-94BA-E951ECC4DD7F}.Debug|x64.Build.0 = Debug|Any CPU
		{6E93B2E1-BF0B-4268-94BA-E951ECC4DD7F}.Debug|x86.ActiveCfg = Debug|Any CPU
		{6E93B2E1-BF0B-4268-94BA-E951ECC4DD7F}.Debug|x86.Build.0 = Debug|Any CPU
		{6E93B2E1-BF0B-4268-94BA-E951ECC4DD7F}.Release|Any CPU.ActiveCfg = Release|Any CPU
		{6E93B2E1-BF0B-4268-94BA-E951ECC4DD7F}.Release|Any CPU.Build.0 = Release|Any CPU
		{6E93B2E1-BF0B-4268-94BA-E951ECC4DD7F}.Release|ARM.ActiveCfg = Release|Any CPU
		{6E93B2E1-BF0B-4268-94BA-E951ECC4DD7F}.Release|ARM.Build.0 = Release|Any CPU
		{6E93B2E1-BF0B-4268-94BA-E951ECC4DD7F}.Release|iPhone.ActiveCfg = Release|Any CPU
		{6E93B2E1-BF0B-4268-94BA-E951ECC4DD7F}.Release|iPhone.Build.0 = Release|Any CPU
		{6E93B2E1-BF0B-4268-94BA-E951ECC4DD7F}.Release|iPhoneSimulator.ActiveCfg = Release|Any CPU
		{6E93B2E1-BF0B-4268-94BA-E951ECC4DD7F}.Release|iPhoneSimulator.Build.0 = Release|Any CPU
		{6E93B2E1-BF0B-4268-94BA-E951ECC4DD7F}.Release|x64.ActiveCfg = Release|Any CPU
		{6E93B2E1-BF0B-4268-94BA-E951ECC4DD7F}.Release|x64.Build.0 = Release|Any CPU
		{6E93B2E1-BF0B-4268-94BA-E951ECC4DD7F}.Release|x86.ActiveCfg = Release|Any CPU
		{6E93B2E1-BF0B-4268-94BA-E951ECC4DD7F}.Release|x86.Build.0 = Release|Any CPU
		{63CBCF9E-E4B6-4932-90FA-4671F7351685}.Debug|Any CPU.ActiveCfg = Debug|Any CPU
		{63CBCF9E-E4B6-4932-90FA-4671F7351685}.Debug|Any CPU.Build.0 = Debug|Any CPU
		{63CBCF9E-E4B6-4932-90FA-4671F7351685}.Debug|ARM.ActiveCfg = Debug|Any CPU
		{63CBCF9E-E4B6-4932-90FA-4671F7351685}.Debug|ARM.Build.0 = Debug|Any CPU
		{63CBCF9E-E4B6-4932-90FA-4671F7351685}.Debug|iPhone.ActiveCfg = Debug|Any CPU
		{63CBCF9E-E4B6-4932-90FA-4671F7351685}.Debug|iPhone.Build.0 = Debug|Any CPU
		{63CBCF9E-E4B6-4932-90FA-4671F7351685}.Debug|iPhoneSimulator.ActiveCfg = Debug|Any CPU
		{63CBCF9E-E4B6-4932-90FA-4671F7351685}.Debug|iPhoneSimulator.Build.0 = Debug|Any CPU
		{63CBCF9E-E4B6-4932-90FA-4671F7351685}.Debug|x64.ActiveCfg = Debug|Any CPU
		{63CBCF9E-E4B6-4932-90FA-4671F7351685}.Debug|x64.Build.0 = Debug|Any CPU
		{63CBCF9E-E4B6-4932-90FA-4671F7351685}.Debug|x86.ActiveCfg = Debug|Any CPU
		{63CBCF9E-E4B6-4932-90FA-4671F7351685}.Debug|x86.Build.0 = Debug|Any CPU
		{63CBCF9E-E4B6-4932-90FA-4671F7351685}.Release|Any CPU.ActiveCfg = Release|Any CPU
		{63CBCF9E-E4B6-4932-90FA-4671F7351685}.Release|Any CPU.Build.0 = Release|Any CPU
		{63CBCF9E-E4B6-4932-90FA-4671F7351685}.Release|ARM.ActiveCfg = Release|Any CPU
		{63CBCF9E-E4B6-4932-90FA-4671F7351685}.Release|ARM.Build.0 = Release|Any CPU
		{63CBCF9E-E4B6-4932-90FA-4671F7351685}.Release|iPhone.ActiveCfg = Release|Any CPU
		{63CBCF9E-E4B6-4932-90FA-4671F7351685}.Release|iPhone.Build.0 = Release|Any CPU
		{63CBCF9E-E4B6-4932-90FA-4671F7351685}.Release|iPhoneSimulator.ActiveCfg = Release|Any CPU
		{63CBCF9E-E4B6-4932-90FA-4671F7351685}.Release|iPhoneSimulator.Build.0 = Release|Any CPU
		{63CBCF9E-E4B6-4932-90FA-4671F7351685}.Release|x64.ActiveCfg = Release|Any CPU
		{63CBCF9E-E4B6-4932-90FA-4671F7351685}.Release|x64.Build.0 = Release|Any CPU
		{63CBCF9E-E4B6-4932-90FA-4671F7351685}.Release|x86.ActiveCfg = Release|Any CPU
		{63CBCF9E-E4B6-4932-90FA-4671F7351685}.Release|x86.Build.0 = Release|Any CPU
		{6647F17C-02E9-4EF2-B882-40E22A187744}.Debug|Any CPU.ActiveCfg = Debug|Any CPU
		{6647F17C-02E9-4EF2-B882-40E22A187744}.Debug|Any CPU.Build.0 = Debug|Any CPU
		{6647F17C-02E9-4EF2-B882-40E22A187744}.Debug|ARM.ActiveCfg = Debug|Any CPU
		{6647F17C-02E9-4EF2-B882-40E22A187744}.Debug|ARM.Build.0 = Debug|Any CPU
		{6647F17C-02E9-4EF2-B882-40E22A187744}.Debug|iPhone.ActiveCfg = Debug|Any CPU
		{6647F17C-02E9-4EF2-B882-40E22A187744}.Debug|iPhone.Build.0 = Debug|Any CPU
		{6647F17C-02E9-4EF2-B882-40E22A187744}.Debug|iPhoneSimulator.ActiveCfg = Debug|Any CPU
		{6647F17C-02E9-4EF2-B882-40E22A187744}.Debug|iPhoneSimulator.Build.0 = Debug|Any CPU
		{6647F17C-02E9-4EF2-B882-40E22A187744}.Debug|x64.ActiveCfg = Debug|Any CPU
		{6647F17C-02E9-4EF2-B882-40E22A187744}.Debug|x64.Build.0 = Debug|Any CPU
		{6647F17C-02E9-4EF2-B882-40E22A187744}.Debug|x86.ActiveCfg = Debug|Any CPU
		{6647F17C-02E9-4EF2-B882-40E22A187744}.Debug|x86.Build.0 = Debug|Any CPU
		{6647F17C-02E9-4EF2-B882-40E22A187744}.Release|Any CPU.ActiveCfg = Release|Any CPU
		{6647F17C-02E9-4EF2-B882-40E22A187744}.Release|Any CPU.Build.0 = Release|Any CPU
		{6647F17C-02E9-4EF2-B882-40E22A187744}.Release|ARM.ActiveCfg = Release|Any CPU
		{6647F17C-02E9-4EF2-B882-40E22A187744}.Release|ARM.Build.0 = Release|Any CPU
		{6647F17C-02E9-4EF2-B882-40E22A187744}.Release|iPhone.ActiveCfg = Release|Any CPU
		{6647F17C-02E9-4EF2-B882-40E22A187744}.Release|iPhone.Build.0 = Release|Any CPU
		{6647F17C-02E9-4EF2-B882-40E22A187744}.Release|iPhoneSimulator.ActiveCfg = Release|Any CPU
		{6647F17C-02E9-4EF2-B882-40E22A187744}.Release|iPhoneSimulator.Build.0 = Release|Any CPU
		{6647F17C-02E9-4EF2-B882-40E22A187744}.Release|x64.ActiveCfg = Release|Any CPU
		{6647F17C-02E9-4EF2-B882-40E22A187744}.Release|x64.Build.0 = Release|Any CPU
		{6647F17C-02E9-4EF2-B882-40E22A187744}.Release|x86.ActiveCfg = Release|Any CPU
		{6647F17C-02E9-4EF2-B882-40E22A187744}.Release|x86.Build.0 = Release|Any CPU
		{26E05692-5C34-4457-96E6-DF65296284D7}.Debug|Any CPU.ActiveCfg = Debug|Any CPU
		{26E05692-5C34-4457-96E6-DF65296284D7}.Debug|Any CPU.Build.0 = Debug|Any CPU
		{26E05692-5C34-4457-96E6-DF65296284D7}.Debug|ARM.ActiveCfg = Debug|Any CPU
		{26E05692-5C34-4457-96E6-DF65296284D7}.Debug|ARM.Build.0 = Debug|Any CPU
		{26E05692-5C34-4457-96E6-DF65296284D7}.Debug|iPhone.ActiveCfg = Debug|Any CPU
		{26E05692-5C34-4457-96E6-DF65296284D7}.Debug|iPhone.Build.0 = Debug|Any CPU
		{26E05692-5C34-4457-96E6-DF65296284D7}.Debug|iPhoneSimulator.ActiveCfg = Debug|Any CPU
		{26E05692-5C34-4457-96E6-DF65296284D7}.Debug|iPhoneSimulator.Build.0 = Debug|Any CPU
		{26E05692-5C34-4457-96E6-DF65296284D7}.Debug|x64.ActiveCfg = Debug|Any CPU
		{26E05692-5C34-4457-96E6-DF65296284D7}.Debug|x64.Build.0 = Debug|Any CPU
		{26E05692-5C34-4457-96E6-DF65296284D7}.Debug|x86.ActiveCfg = Debug|Any CPU
		{26E05692-5C34-4457-96E6-DF65296284D7}.Debug|x86.Build.0 = Debug|Any CPU
		{26E05692-5C34-4457-96E6-DF65296284D7}.Release|Any CPU.ActiveCfg = Release|Any CPU
		{26E05692-5C34-4457-96E6-DF65296284D7}.Release|Any CPU.Build.0 = Release|Any CPU
		{26E05692-5C34-4457-96E6-DF65296284D7}.Release|ARM.ActiveCfg = Release|Any CPU
		{26E05692-5C34-4457-96E6-DF65296284D7}.Release|ARM.Build.0 = Release|Any CPU
		{26E05692-5C34-4457-96E6-DF65296284D7}.Release|iPhone.ActiveCfg = Release|Any CPU
		{26E05692-5C34-4457-96E6-DF65296284D7}.Release|iPhone.Build.0 = Release|Any CPU
		{26E05692-5C34-4457-96E6-DF65296284D7}.Release|iPhoneSimulator.ActiveCfg = Release|Any CPU
		{26E05692-5C34-4457-96E6-DF65296284D7}.Release|iPhoneSimulator.Build.0 = Release|Any CPU
		{26E05692-5C34-4457-96E6-DF65296284D7}.Release|x64.ActiveCfg = Release|Any CPU
		{26E05692-5C34-4457-96E6-DF65296284D7}.Release|x64.Build.0 = Release|Any CPU
		{26E05692-5C34-4457-96E6-DF65296284D7}.Release|x86.ActiveCfg = Release|Any CPU
		{26E05692-5C34-4457-96E6-DF65296284D7}.Release|x86.Build.0 = Release|Any CPU
		{830C467F-6068-4BCD-B8B8-6EAD72321350}.Debug|Any CPU.ActiveCfg = Debug|Any CPU
		{830C467F-6068-4BCD-B8B8-6EAD72321350}.Debug|Any CPU.Build.0 = Debug|Any CPU
		{830C467F-6068-4BCD-B8B8-6EAD72321350}.Debug|ARM.ActiveCfg = Debug|Any CPU
		{830C467F-6068-4BCD-B8B8-6EAD72321350}.Debug|ARM.Build.0 = Debug|Any CPU
		{830C467F-6068-4BCD-B8B8-6EAD72321350}.Debug|iPhone.ActiveCfg = Debug|Any CPU
		{830C467F-6068-4BCD-B8B8-6EAD72321350}.Debug|iPhone.Build.0 = Debug|Any CPU
		{830C467F-6068-4BCD-B8B8-6EAD72321350}.Debug|iPhoneSimulator.ActiveCfg = Debug|Any CPU
		{830C467F-6068-4BCD-B8B8-6EAD72321350}.Debug|iPhoneSimulator.Build.0 = Debug|Any CPU
		{830C467F-6068-4BCD-B8B8-6EAD72321350}.Debug|x64.ActiveCfg = Debug|Any CPU
		{830C467F-6068-4BCD-B8B8-6EAD72321350}.Debug|x64.Build.0 = Debug|Any CPU
		{830C467F-6068-4BCD-B8B8-6EAD72321350}.Debug|x86.ActiveCfg = Debug|Any CPU
		{830C467F-6068-4BCD-B8B8-6EAD72321350}.Debug|x86.Build.0 = Debug|Any CPU
		{830C467F-6068-4BCD-B8B8-6EAD72321350}.Release|Any CPU.ActiveCfg = Release|Any CPU
		{830C467F-6068-4BCD-B8B8-6EAD72321350}.Release|Any CPU.Build.0 = Release|Any CPU
		{830C467F-6068-4BCD-B8B8-6EAD72321350}.Release|ARM.ActiveCfg = Release|Any CPU
		{830C467F-6068-4BCD-B8B8-6EAD72321350}.Release|ARM.Build.0 = Release|Any CPU
		{830C467F-6068-4BCD-B8B8-6EAD72321350}.Release|iPhone.ActiveCfg = Release|Any CPU
		{830C467F-6068-4BCD-B8B8-6EAD72321350}.Release|iPhone.Build.0 = Release|Any CPU
		{830C467F-6068-4BCD-B8B8-6EAD72321350}.Release|iPhoneSimulator.ActiveCfg = Release|Any CPU
		{830C467F-6068-4BCD-B8B8-6EAD72321350}.Release|iPhoneSimulator.Build.0 = Release|Any CPU
		{830C467F-6068-4BCD-B8B8-6EAD72321350}.Release|x64.ActiveCfg = Release|Any CPU
		{830C467F-6068-4BCD-B8B8-6EAD72321350}.Release|x64.Build.0 = Release|Any CPU
		{830C467F-6068-4BCD-B8B8-6EAD72321350}.Release|x86.ActiveCfg = Release|Any CPU
		{830C467F-6068-4BCD-B8B8-6EAD72321350}.Release|x86.Build.0 = Release|Any CPU
		{AFAEF056-CAD3-4C32-AEC3-AAC35A251295}.Debug|Any CPU.ActiveCfg = Debug|Any CPU
		{AFAEF056-CAD3-4C32-AEC3-AAC35A251295}.Debug|Any CPU.Build.0 = Debug|Any CPU
		{AFAEF056-CAD3-4C32-AEC3-AAC35A251295}.Debug|ARM.ActiveCfg = Debug|Any CPU
		{AFAEF056-CAD3-4C32-AEC3-AAC35A251295}.Debug|ARM.Build.0 = Debug|Any CPU
		{AFAEF056-CAD3-4C32-AEC3-AAC35A251295}.Debug|iPhone.ActiveCfg = Debug|Any CPU
		{AFAEF056-CAD3-4C32-AEC3-AAC35A251295}.Debug|iPhone.Build.0 = Debug|Any CPU
		{AFAEF056-CAD3-4C32-AEC3-AAC35A251295}.Debug|iPhoneSimulator.ActiveCfg = Debug|Any CPU
		{AFAEF056-CAD3-4C32-AEC3-AAC35A251295}.Debug|iPhoneSimulator.Build.0 = Debug|Any CPU
		{AFAEF056-CAD3-4C32-AEC3-AAC35A251295}.Debug|x64.ActiveCfg = Debug|Any CPU
		{AFAEF056-CAD3-4C32-AEC3-AAC35A251295}.Debug|x64.Build.0 = Debug|Any CPU
		{AFAEF056-CAD3-4C32-AEC3-AAC35A251295}.Debug|x86.ActiveCfg = Debug|Any CPU
		{AFAEF056-CAD3-4C32-AEC3-AAC35A251295}.Debug|x86.Build.0 = Debug|Any CPU
		{AFAEF056-CAD3-4C32-AEC3-AAC35A251295}.Release|Any CPU.ActiveCfg = Release|Any CPU
		{AFAEF056-CAD3-4C32-AEC3-AAC35A251295}.Release|Any CPU.Build.0 = Release|Any CPU
		{AFAEF056-CAD3-4C32-AEC3-AAC35A251295}.Release|ARM.ActiveCfg = Release|Any CPU
		{AFAEF056-CAD3-4C32-AEC3-AAC35A251295}.Release|ARM.Build.0 = Release|Any CPU
		{AFAEF056-CAD3-4C32-AEC3-AAC35A251295}.Release|iPhone.ActiveCfg = Release|Any CPU
		{AFAEF056-CAD3-4C32-AEC3-AAC35A251295}.Release|iPhone.Build.0 = Release|Any CPU
		{AFAEF056-CAD3-4C32-AEC3-AAC35A251295}.Release|iPhoneSimulator.ActiveCfg = Release|Any CPU
		{AFAEF056-CAD3-4C32-AEC3-AAC35A251295}.Release|iPhoneSimulator.Build.0 = Release|Any CPU
		{AFAEF056-CAD3-4C32-AEC3-AAC35A251295}.Release|x64.ActiveCfg = Release|Any CPU
		{AFAEF056-CAD3-4C32-AEC3-AAC35A251295}.Release|x64.Build.0 = Release|Any CPU
		{AFAEF056-CAD3-4C32-AEC3-AAC35A251295}.Release|x86.ActiveCfg = Release|Any CPU
		{AFAEF056-CAD3-4C32-AEC3-AAC35A251295}.Release|x86.Build.0 = Release|Any CPU
		{CB46FB8D-050D-46DC-94F8-25AEB0A2A955}.Debug|Any CPU.ActiveCfg = Debug|Any CPU
		{CB46FB8D-050D-46DC-94F8-25AEB0A2A955}.Debug|Any CPU.Build.0 = Debug|Any CPU
		{CB46FB8D-050D-46DC-94F8-25AEB0A2A955}.Debug|ARM.ActiveCfg = Debug|Any CPU
		{CB46FB8D-050D-46DC-94F8-25AEB0A2A955}.Debug|ARM.Build.0 = Debug|Any CPU
		{CB46FB8D-050D-46DC-94F8-25AEB0A2A955}.Debug|iPhone.ActiveCfg = Debug|Any CPU
		{CB46FB8D-050D-46DC-94F8-25AEB0A2A955}.Debug|iPhone.Build.0 = Debug|Any CPU
		{CB46FB8D-050D-46DC-94F8-25AEB0A2A955}.Debug|iPhoneSimulator.ActiveCfg = Debug|Any CPU
		{CB46FB8D-050D-46DC-94F8-25AEB0A2A955}.Debug|iPhoneSimulator.Build.0 = Debug|Any CPU
		{CB46FB8D-050D-46DC-94F8-25AEB0A2A955}.Debug|x64.ActiveCfg = Debug|Any CPU
		{CB46FB8D-050D-46DC-94F8-25AEB0A2A955}.Debug|x64.Build.0 = Debug|Any CPU
		{CB46FB8D-050D-46DC-94F8-25AEB0A2A955}.Debug|x86.ActiveCfg = Debug|Any CPU
		{CB46FB8D-050D-46DC-94F8-25AEB0A2A955}.Debug|x86.Build.0 = Debug|Any CPU
		{CB46FB8D-050D-46DC-94F8-25AEB0A2A955}.Release|Any CPU.ActiveCfg = Release|Any CPU
		{CB46FB8D-050D-46DC-94F8-25AEB0A2A955}.Release|Any CPU.Build.0 = Release|Any CPU
		{CB46FB8D-050D-46DC-94F8-25AEB0A2A955}.Release|ARM.ActiveCfg = Release|Any CPU
		{CB46FB8D-050D-46DC-94F8-25AEB0A2A955}.Release|ARM.Build.0 = Release|Any CPU
		{CB46FB8D-050D-46DC-94F8-25AEB0A2A955}.Release|iPhone.ActiveCfg = Release|Any CPU
		{CB46FB8D-050D-46DC-94F8-25AEB0A2A955}.Release|iPhone.Build.0 = Release|Any CPU
		{CB46FB8D-050D-46DC-94F8-25AEB0A2A955}.Release|iPhoneSimulator.ActiveCfg = Release|Any CPU
		{CB46FB8D-050D-46DC-94F8-25AEB0A2A955}.Release|iPhoneSimulator.Build.0 = Release|Any CPU
		{CB46FB8D-050D-46DC-94F8-25AEB0A2A955}.Release|x64.ActiveCfg = Release|Any CPU
		{CB46FB8D-050D-46DC-94F8-25AEB0A2A955}.Release|x64.Build.0 = Release|Any CPU
		{CB46FB8D-050D-46DC-94F8-25AEB0A2A955}.Release|x86.ActiveCfg = Release|Any CPU
		{CB46FB8D-050D-46DC-94F8-25AEB0A2A955}.Release|x86.Build.0 = Release|Any CPU
		{8967AEBF-5CBC-4EAD-B509-2A310877FB88}.Debug|Any CPU.ActiveCfg = Debug|Any CPU
		{8967AEBF-5CBC-4EAD-B509-2A310877FB88}.Debug|Any CPU.Build.0 = Debug|Any CPU
		{8967AEBF-5CBC-4EAD-B509-2A310877FB88}.Debug|ARM.ActiveCfg = Debug|Any CPU
		{8967AEBF-5CBC-4EAD-B509-2A310877FB88}.Debug|ARM.Build.0 = Debug|Any CPU
		{8967AEBF-5CBC-4EAD-B509-2A310877FB88}.Debug|iPhone.ActiveCfg = Debug|Any CPU
		{8967AEBF-5CBC-4EAD-B509-2A310877FB88}.Debug|iPhone.Build.0 = Debug|Any CPU
		{8967AEBF-5CBC-4EAD-B509-2A310877FB88}.Debug|iPhoneSimulator.ActiveCfg = Debug|Any CPU
		{8967AEBF-5CBC-4EAD-B509-2A310877FB88}.Debug|iPhoneSimulator.Build.0 = Debug|Any CPU
		{8967AEBF-5CBC-4EAD-B509-2A310877FB88}.Debug|x64.ActiveCfg = Debug|Any CPU
		{8967AEBF-5CBC-4EAD-B509-2A310877FB88}.Debug|x64.Build.0 = Debug|Any CPU
		{8967AEBF-5CBC-4EAD-B509-2A310877FB88}.Debug|x86.ActiveCfg = Debug|Any CPU
		{8967AEBF-5CBC-4EAD-B509-2A310877FB88}.Debug|x86.Build.0 = Debug|Any CPU
		{8967AEBF-5CBC-4EAD-B509-2A310877FB88}.Release|Any CPU.ActiveCfg = Release|Any CPU
		{8967AEBF-5CBC-4EAD-B509-2A310877FB88}.Release|Any CPU.Build.0 = Release|Any CPU
		{8967AEBF-5CBC-4EAD-B509-2A310877FB88}.Release|ARM.ActiveCfg = Release|Any CPU
		{8967AEBF-5CBC-4EAD-B509-2A310877FB88}.Release|ARM.Build.0 = Release|Any CPU
		{8967AEBF-5CBC-4EAD-B509-2A310877FB88}.Release|iPhone.ActiveCfg = Release|Any CPU
		{8967AEBF-5CBC-4EAD-B509-2A310877FB88}.Release|iPhone.Build.0 = Release|Any CPU
		{8967AEBF-5CBC-4EAD-B509-2A310877FB88}.Release|iPhoneSimulator.ActiveCfg = Release|Any CPU
		{8967AEBF-5CBC-4EAD-B509-2A310877FB88}.Release|iPhoneSimulator.Build.0 = Release|Any CPU
		{8967AEBF-5CBC-4EAD-B509-2A310877FB88}.Release|x64.ActiveCfg = Release|Any CPU
		{8967AEBF-5CBC-4EAD-B509-2A310877FB88}.Release|x64.Build.0 = Release|Any CPU
		{8967AEBF-5CBC-4EAD-B509-2A310877FB88}.Release|x86.ActiveCfg = Release|Any CPU
		{8967AEBF-5CBC-4EAD-B509-2A310877FB88}.Release|x86.Build.0 = Release|Any CPU
		{C359C613-466F-41AD-A150-E1B6CFE785A5}.Debug|Any CPU.ActiveCfg = Debug|Any CPU
		{C359C613-466F-41AD-A150-E1B6CFE785A5}.Debug|Any CPU.Build.0 = Debug|Any CPU
		{C359C613-466F-41AD-A150-E1B6CFE785A5}.Debug|ARM.ActiveCfg = Debug|Any CPU
		{C359C613-466F-41AD-A150-E1B6CFE785A5}.Debug|ARM.Build.0 = Debug|Any CPU
		{C359C613-466F-41AD-A150-E1B6CFE785A5}.Debug|iPhone.ActiveCfg = Debug|Any CPU
		{C359C613-466F-41AD-A150-E1B6CFE785A5}.Debug|iPhone.Build.0 = Debug|Any CPU
		{C359C613-466F-41AD-A150-E1B6CFE785A5}.Debug|iPhoneSimulator.ActiveCfg = Debug|Any CPU
		{C359C613-466F-41AD-A150-E1B6CFE785A5}.Debug|iPhoneSimulator.Build.0 = Debug|Any CPU
		{C359C613-466F-41AD-A150-E1B6CFE785A5}.Debug|x64.ActiveCfg = Debug|Any CPU
		{C359C613-466F-41AD-A150-E1B6CFE785A5}.Debug|x64.Build.0 = Debug|Any CPU
		{C359C613-466F-41AD-A150-E1B6CFE785A5}.Debug|x86.ActiveCfg = Debug|Any CPU
		{C359C613-466F-41AD-A150-E1B6CFE785A5}.Debug|x86.Build.0 = Debug|Any CPU
		{C359C613-466F-41AD-A150-E1B6CFE785A5}.Release|Any CPU.ActiveCfg = Release|Any CPU
		{C359C613-466F-41AD-A150-E1B6CFE785A5}.Release|Any CPU.Build.0 = Release|Any CPU
		{C359C613-466F-41AD-A150-E1B6CFE785A5}.Release|ARM.ActiveCfg = Release|Any CPU
		{C359C613-466F-41AD-A150-E1B6CFE785A5}.Release|ARM.Build.0 = Release|Any CPU
		{C359C613-466F-41AD-A150-E1B6CFE785A5}.Release|iPhone.ActiveCfg = Release|Any CPU
		{C359C613-466F-41AD-A150-E1B6CFE785A5}.Release|iPhone.Build.0 = Release|Any CPU
		{C359C613-466F-41AD-A150-E1B6CFE785A5}.Release|iPhoneSimulator.ActiveCfg = Release|Any CPU
		{C359C613-466F-41AD-A150-E1B6CFE785A5}.Release|iPhoneSimulator.Build.0 = Release|Any CPU
		{C359C613-466F-41AD-A150-E1B6CFE785A5}.Release|x64.ActiveCfg = Release|Any CPU
		{C359C613-466F-41AD-A150-E1B6CFE785A5}.Release|x64.Build.0 = Release|Any CPU
		{C359C613-466F-41AD-A150-E1B6CFE785A5}.Release|x86.ActiveCfg = Release|Any CPU
		{C359C613-466F-41AD-A150-E1B6CFE785A5}.Release|x86.Build.0 = Release|Any CPU
		{BA16808B-FBB7-4051-AC23-AAFB3422D2AB}.Debug|Any CPU.ActiveCfg = Debug|Any CPU
		{BA16808B-FBB7-4051-AC23-AAFB3422D2AB}.Debug|Any CPU.Build.0 = Debug|Any CPU
		{BA16808B-FBB7-4051-AC23-AAFB3422D2AB}.Debug|ARM.ActiveCfg = Debug|Any CPU
		{BA16808B-FBB7-4051-AC23-AAFB3422D2AB}.Debug|ARM.Build.0 = Debug|Any CPU
		{BA16808B-FBB7-4051-AC23-AAFB3422D2AB}.Debug|iPhone.ActiveCfg = Debug|Any CPU
		{BA16808B-FBB7-4051-AC23-AAFB3422D2AB}.Debug|iPhone.Build.0 = Debug|Any CPU
		{BA16808B-FBB7-4051-AC23-AAFB3422D2AB}.Debug|iPhoneSimulator.ActiveCfg = Debug|Any CPU
		{BA16808B-FBB7-4051-AC23-AAFB3422D2AB}.Debug|iPhoneSimulator.Build.0 = Debug|Any CPU
		{BA16808B-FBB7-4051-AC23-AAFB3422D2AB}.Debug|x64.ActiveCfg = Debug|Any CPU
		{BA16808B-FBB7-4051-AC23-AAFB3422D2AB}.Debug|x64.Build.0 = Debug|Any CPU
		{BA16808B-FBB7-4051-AC23-AAFB3422D2AB}.Debug|x86.ActiveCfg = Debug|Any CPU
		{BA16808B-FBB7-4051-AC23-AAFB3422D2AB}.Debug|x86.Build.0 = Debug|Any CPU
		{BA16808B-FBB7-4051-AC23-AAFB3422D2AB}.Release|Any CPU.ActiveCfg = Release|Any CPU
		{BA16808B-FBB7-4051-AC23-AAFB3422D2AB}.Release|Any CPU.Build.0 = Release|Any CPU
		{BA16808B-FBB7-4051-AC23-AAFB3422D2AB}.Release|ARM.ActiveCfg = Release|Any CPU
		{BA16808B-FBB7-4051-AC23-AAFB3422D2AB}.Release|ARM.Build.0 = Release|Any CPU
		{BA16808B-FBB7-4051-AC23-AAFB3422D2AB}.Release|iPhone.ActiveCfg = Release|Any CPU
		{BA16808B-FBB7-4051-AC23-AAFB3422D2AB}.Release|iPhone.Build.0 = Release|Any CPU
		{BA16808B-FBB7-4051-AC23-AAFB3422D2AB}.Release|iPhoneSimulator.ActiveCfg = Release|Any CPU
		{BA16808B-FBB7-4051-AC23-AAFB3422D2AB}.Release|iPhoneSimulator.Build.0 = Release|Any CPU
		{BA16808B-FBB7-4051-AC23-AAFB3422D2AB}.Release|x64.ActiveCfg = Release|Any CPU
		{BA16808B-FBB7-4051-AC23-AAFB3422D2AB}.Release|x64.Build.0 = Release|Any CPU
		{BA16808B-FBB7-4051-AC23-AAFB3422D2AB}.Release|x86.ActiveCfg = Release|Any CPU
		{BA16808B-FBB7-4051-AC23-AAFB3422D2AB}.Release|x86.Build.0 = Release|Any CPU
		{7A58D8F2-DDAE-407A-8BC7-352D345D8A3D}.Debug|Any CPU.ActiveCfg = Debug|Any CPU
		{7A58D8F2-DDAE-407A-8BC7-352D345D8A3D}.Debug|Any CPU.Build.0 = Debug|Any CPU
		{7A58D8F2-DDAE-407A-8BC7-352D345D8A3D}.Debug|ARM.ActiveCfg = Debug|Any CPU
		{7A58D8F2-DDAE-407A-8BC7-352D345D8A3D}.Debug|ARM.Build.0 = Debug|Any CPU
		{7A58D8F2-DDAE-407A-8BC7-352D345D8A3D}.Debug|iPhone.ActiveCfg = Debug|Any CPU
		{7A58D8F2-DDAE-407A-8BC7-352D345D8A3D}.Debug|iPhone.Build.0 = Debug|Any CPU
		{7A58D8F2-DDAE-407A-8BC7-352D345D8A3D}.Debug|iPhoneSimulator.ActiveCfg = Debug|Any CPU
		{7A58D8F2-DDAE-407A-8BC7-352D345D8A3D}.Debug|iPhoneSimulator.Build.0 = Debug|Any CPU
		{7A58D8F2-DDAE-407A-8BC7-352D345D8A3D}.Debug|x64.ActiveCfg = Debug|Any CPU
		{7A58D8F2-DDAE-407A-8BC7-352D345D8A3D}.Debug|x64.Build.0 = Debug|Any CPU
		{7A58D8F2-DDAE-407A-8BC7-352D345D8A3D}.Debug|x86.ActiveCfg = Debug|Any CPU
		{7A58D8F2-DDAE-407A-8BC7-352D345D8A3D}.Debug|x86.Build.0 = Debug|Any CPU
		{7A58D8F2-DDAE-407A-8BC7-352D345D8A3D}.Release|Any CPU.ActiveCfg = Release|Any CPU
		{7A58D8F2-DDAE-407A-8BC7-352D345D8A3D}.Release|Any CPU.Build.0 = Release|Any CPU
		{7A58D8F2-DDAE-407A-8BC7-352D345D8A3D}.Release|ARM.ActiveCfg = Release|Any CPU
		{7A58D8F2-DDAE-407A-8BC7-352D345D8A3D}.Release|ARM.Build.0 = Release|Any CPU
		{7A58D8F2-DDAE-407A-8BC7-352D345D8A3D}.Release|iPhone.ActiveCfg = Release|Any CPU
		{7A58D8F2-DDAE-407A-8BC7-352D345D8A3D}.Release|iPhone.Build.0 = Release|Any CPU
		{7A58D8F2-DDAE-407A-8BC7-352D345D8A3D}.Release|iPhoneSimulator.ActiveCfg = Release|Any CPU
		{7A58D8F2-DDAE-407A-8BC7-352D345D8A3D}.Release|iPhoneSimulator.Build.0 = Release|Any CPU
		{7A58D8F2-DDAE-407A-8BC7-352D345D8A3D}.Release|x64.ActiveCfg = Release|Any CPU
		{7A58D8F2-DDAE-407A-8BC7-352D345D8A3D}.Release|x64.Build.0 = Release|Any CPU
		{7A58D8F2-DDAE-407A-8BC7-352D345D8A3D}.Release|x86.ActiveCfg = Release|Any CPU
		{7A58D8F2-DDAE-407A-8BC7-352D345D8A3D}.Release|x86.Build.0 = Release|Any CPU
		{0B32F9CC-0A07-44AE-B6A9-3CC1533D3E77}.Debug|Any CPU.ActiveCfg = Debug|Any CPU
		{0B32F9CC-0A07-44AE-B6A9-3CC1533D3E77}.Debug|Any CPU.Build.0 = Debug|Any CPU
		{0B32F9CC-0A07-44AE-B6A9-3CC1533D3E77}.Debug|Any CPU.Deploy.0 = Debug|Any CPU
		{0B32F9CC-0A07-44AE-B6A9-3CC1533D3E77}.Debug|ARM.ActiveCfg = Debug|Any CPU
		{0B32F9CC-0A07-44AE-B6A9-3CC1533D3E77}.Debug|ARM.Build.0 = Debug|Any CPU
		{0B32F9CC-0A07-44AE-B6A9-3CC1533D3E77}.Debug|ARM.Deploy.0 = Debug|Any CPU
		{0B32F9CC-0A07-44AE-B6A9-3CC1533D3E77}.Debug|iPhone.ActiveCfg = Debug|Any CPU
		{0B32F9CC-0A07-44AE-B6A9-3CC1533D3E77}.Debug|iPhone.Build.0 = Debug|Any CPU
		{0B32F9CC-0A07-44AE-B6A9-3CC1533D3E77}.Debug|iPhone.Deploy.0 = Debug|Any CPU
		{0B32F9CC-0A07-44AE-B6A9-3CC1533D3E77}.Debug|iPhoneSimulator.ActiveCfg = Debug|Any CPU
		{0B32F9CC-0A07-44AE-B6A9-3CC1533D3E77}.Debug|iPhoneSimulator.Build.0 = Debug|Any CPU
		{0B32F9CC-0A07-44AE-B6A9-3CC1533D3E77}.Debug|iPhoneSimulator.Deploy.0 = Debug|Any CPU
		{0B32F9CC-0A07-44AE-B6A9-3CC1533D3E77}.Debug|x64.ActiveCfg = Debug|Any CPU
		{0B32F9CC-0A07-44AE-B6A9-3CC1533D3E77}.Debug|x64.Build.0 = Debug|Any CPU
		{0B32F9CC-0A07-44AE-B6A9-3CC1533D3E77}.Debug|x64.Deploy.0 = Debug|Any CPU
		{0B32F9CC-0A07-44AE-B6A9-3CC1533D3E77}.Debug|x86.ActiveCfg = Debug|Any CPU
		{0B32F9CC-0A07-44AE-B6A9-3CC1533D3E77}.Debug|x86.Build.0 = Debug|Any CPU
		{0B32F9CC-0A07-44AE-B6A9-3CC1533D3E77}.Debug|x86.Deploy.0 = Debug|Any CPU
		{0B32F9CC-0A07-44AE-B6A9-3CC1533D3E77}.Release|Any CPU.ActiveCfg = Release|Any CPU
		{0B32F9CC-0A07-44AE-B6A9-3CC1533D3E77}.Release|Any CPU.Build.0 = Release|Any CPU
		{0B32F9CC-0A07-44AE-B6A9-3CC1533D3E77}.Release|Any CPU.Deploy.0 = Release|Any CPU
		{0B32F9CC-0A07-44AE-B6A9-3CC1533D3E77}.Release|ARM.ActiveCfg = Release|Any CPU
		{0B32F9CC-0A07-44AE-B6A9-3CC1533D3E77}.Release|ARM.Build.0 = Release|Any CPU
		{0B32F9CC-0A07-44AE-B6A9-3CC1533D3E77}.Release|ARM.Deploy.0 = Release|Any CPU
		{0B32F9CC-0A07-44AE-B6A9-3CC1533D3E77}.Release|iPhone.ActiveCfg = Release|Any CPU
		{0B32F9CC-0A07-44AE-B6A9-3CC1533D3E77}.Release|iPhone.Build.0 = Release|Any CPU
		{0B32F9CC-0A07-44AE-B6A9-3CC1533D3E77}.Release|iPhone.Deploy.0 = Release|Any CPU
		{0B32F9CC-0A07-44AE-B6A9-3CC1533D3E77}.Release|iPhoneSimulator.ActiveCfg = Release|Any CPU
		{0B32F9CC-0A07-44AE-B6A9-3CC1533D3E77}.Release|iPhoneSimulator.Build.0 = Release|Any CPU
		{0B32F9CC-0A07-44AE-B6A9-3CC1533D3E77}.Release|iPhoneSimulator.Deploy.0 = Release|Any CPU
		{0B32F9CC-0A07-44AE-B6A9-3CC1533D3E77}.Release|x64.ActiveCfg = Release|Any CPU
		{0B32F9CC-0A07-44AE-B6A9-3CC1533D3E77}.Release|x64.Build.0 = Release|Any CPU
		{0B32F9CC-0A07-44AE-B6A9-3CC1533D3E77}.Release|x64.Deploy.0 = Release|Any CPU
		{0B32F9CC-0A07-44AE-B6A9-3CC1533D3E77}.Release|x86.ActiveCfg = Release|Any CPU
		{0B32F9CC-0A07-44AE-B6A9-3CC1533D3E77}.Release|x86.Build.0 = Release|Any CPU
		{0B32F9CC-0A07-44AE-B6A9-3CC1533D3E77}.Release|x86.Deploy.0 = Release|Any CPU
		{80A96B52-6758-4BDB-B0B4-CEA4CA155C60}.Debug|Any CPU.ActiveCfg = Debug|iPhone
		{80A96B52-6758-4BDB-B0B4-CEA4CA155C60}.Debug|ARM.ActiveCfg = Debug|iPhone
		{80A96B52-6758-4BDB-B0B4-CEA4CA155C60}.Debug|iPhone.ActiveCfg = Debug|iPhone
		{80A96B52-6758-4BDB-B0B4-CEA4CA155C60}.Debug|iPhone.Build.0 = Debug|iPhone
		{80A96B52-6758-4BDB-B0B4-CEA4CA155C60}.Debug|iPhoneSimulator.ActiveCfg = Debug|iPhoneSimulator
		{80A96B52-6758-4BDB-B0B4-CEA4CA155C60}.Debug|iPhoneSimulator.Build.0 = Debug|iPhoneSimulator
		{80A96B52-6758-4BDB-B0B4-CEA4CA155C60}.Debug|x64.ActiveCfg = Debug|iPhone
		{80A96B52-6758-4BDB-B0B4-CEA4CA155C60}.Debug|x86.ActiveCfg = Debug|iPhone
		{80A96B52-6758-4BDB-B0B4-CEA4CA155C60}.Release|Any CPU.ActiveCfg = Release|iPhone
		{80A96B52-6758-4BDB-B0B4-CEA4CA155C60}.Release|ARM.ActiveCfg = Release|iPhone
		{80A96B52-6758-4BDB-B0B4-CEA4CA155C60}.Release|iPhone.ActiveCfg = Release|iPhone
		{80A96B52-6758-4BDB-B0B4-CEA4CA155C60}.Release|iPhone.Build.0 = Release|iPhone
		{80A96B52-6758-4BDB-B0B4-CEA4CA155C60}.Release|iPhoneSimulator.ActiveCfg = Release|iPhoneSimulator
		{80A96B52-6758-4BDB-B0B4-CEA4CA155C60}.Release|iPhoneSimulator.Build.0 = Release|iPhoneSimulator
		{80A96B52-6758-4BDB-B0B4-CEA4CA155C60}.Release|x64.ActiveCfg = Release|iPhone
		{80A96B52-6758-4BDB-B0B4-CEA4CA155C60}.Release|x86.ActiveCfg = Release|iPhone
		{3678BB19-30C3-4FE4-BD8C-BF57954E0BEF}.Debug|Any CPU.ActiveCfg = Debug|Any CPU
		{3678BB19-30C3-4FE4-BD8C-BF57954E0BEF}.Debug|Any CPU.Build.0 = Debug|Any CPU
		{3678BB19-30C3-4FE4-BD8C-BF57954E0BEF}.Debug|ARM.ActiveCfg = Debug|Any CPU
		{3678BB19-30C3-4FE4-BD8C-BF57954E0BEF}.Debug|ARM.Build.0 = Debug|Any CPU
		{3678BB19-30C3-4FE4-BD8C-BF57954E0BEF}.Debug|iPhone.ActiveCfg = Debug|Any CPU
		{3678BB19-30C3-4FE4-BD8C-BF57954E0BEF}.Debug|iPhone.Build.0 = Debug|Any CPU
		{3678BB19-30C3-4FE4-BD8C-BF57954E0BEF}.Debug|iPhoneSimulator.ActiveCfg = Debug|Any CPU
		{3678BB19-30C3-4FE4-BD8C-BF57954E0BEF}.Debug|iPhoneSimulator.Build.0 = Debug|Any CPU
		{3678BB19-30C3-4FE4-BD8C-BF57954E0BEF}.Debug|x64.ActiveCfg = Debug|Any CPU
		{3678BB19-30C3-4FE4-BD8C-BF57954E0BEF}.Debug|x64.Build.0 = Debug|Any CPU
		{3678BB19-30C3-4FE4-BD8C-BF57954E0BEF}.Debug|x86.ActiveCfg = Debug|Any CPU
		{3678BB19-30C3-4FE4-BD8C-BF57954E0BEF}.Debug|x86.Build.0 = Debug|Any CPU
		{3678BB19-30C3-4FE4-BD8C-BF57954E0BEF}.Release|Any CPU.ActiveCfg = Release|Any CPU
		{3678BB19-30C3-4FE4-BD8C-BF57954E0BEF}.Release|Any CPU.Build.0 = Release|Any CPU
		{3678BB19-30C3-4FE4-BD8C-BF57954E0BEF}.Release|ARM.ActiveCfg = Release|Any CPU
		{3678BB19-30C3-4FE4-BD8C-BF57954E0BEF}.Release|ARM.Build.0 = Release|Any CPU
		{3678BB19-30C3-4FE4-BD8C-BF57954E0BEF}.Release|iPhone.ActiveCfg = Release|Any CPU
		{3678BB19-30C3-4FE4-BD8C-BF57954E0BEF}.Release|iPhone.Build.0 = Release|Any CPU
		{3678BB19-30C3-4FE4-BD8C-BF57954E0BEF}.Release|iPhoneSimulator.ActiveCfg = Release|Any CPU
		{3678BB19-30C3-4FE4-BD8C-BF57954E0BEF}.Release|iPhoneSimulator.Build.0 = Release|Any CPU
		{3678BB19-30C3-4FE4-BD8C-BF57954E0BEF}.Release|x64.ActiveCfg = Release|Any CPU
		{3678BB19-30C3-4FE4-BD8C-BF57954E0BEF}.Release|x64.Build.0 = Release|Any CPU
		{3678BB19-30C3-4FE4-BD8C-BF57954E0BEF}.Release|x86.ActiveCfg = Release|Any CPU
		{3678BB19-30C3-4FE4-BD8C-BF57954E0BEF}.Release|x86.Build.0 = Release|Any CPU
		{289C73E7-DE85-4AF6-9605-007D2CE9B79C}.Debug|Any CPU.ActiveCfg = Debug|Any CPU
		{289C73E7-DE85-4AF6-9605-007D2CE9B79C}.Debug|Any CPU.Build.0 = Debug|Any CPU
		{289C73E7-DE85-4AF6-9605-007D2CE9B79C}.Debug|ARM.ActiveCfg = Debug|Any CPU
		{289C73E7-DE85-4AF6-9605-007D2CE9B79C}.Debug|ARM.Build.0 = Debug|Any CPU
		{289C73E7-DE85-4AF6-9605-007D2CE9B79C}.Debug|iPhone.ActiveCfg = Debug|Any CPU
		{289C73E7-DE85-4AF6-9605-007D2CE9B79C}.Debug|iPhone.Build.0 = Debug|Any CPU
		{289C73E7-DE85-4AF6-9605-007D2CE9B79C}.Debug|iPhoneSimulator.ActiveCfg = Debug|Any CPU
		{289C73E7-DE85-4AF6-9605-007D2CE9B79C}.Debug|iPhoneSimulator.Build.0 = Debug|Any CPU
		{289C73E7-DE85-4AF6-9605-007D2CE9B79C}.Debug|x64.ActiveCfg = Debug|Any CPU
		{289C73E7-DE85-4AF6-9605-007D2CE9B79C}.Debug|x64.Build.0 = Debug|Any CPU
		{289C73E7-DE85-4AF6-9605-007D2CE9B79C}.Debug|x86.ActiveCfg = Debug|Any CPU
		{289C73E7-DE85-4AF6-9605-007D2CE9B79C}.Debug|x86.Build.0 = Debug|Any CPU
		{289C73E7-DE85-4AF6-9605-007D2CE9B79C}.Release|Any CPU.ActiveCfg = Release|Any CPU
		{289C73E7-DE85-4AF6-9605-007D2CE9B79C}.Release|Any CPU.Build.0 = Release|Any CPU
		{289C73E7-DE85-4AF6-9605-007D2CE9B79C}.Release|ARM.ActiveCfg = Release|Any CPU
		{289C73E7-DE85-4AF6-9605-007D2CE9B79C}.Release|ARM.Build.0 = Release|Any CPU
		{289C73E7-DE85-4AF6-9605-007D2CE9B79C}.Release|iPhone.ActiveCfg = Release|Any CPU
		{289C73E7-DE85-4AF6-9605-007D2CE9B79C}.Release|iPhone.Build.0 = Release|Any CPU
		{289C73E7-DE85-4AF6-9605-007D2CE9B79C}.Release|iPhoneSimulator.ActiveCfg = Release|Any CPU
		{289C73E7-DE85-4AF6-9605-007D2CE9B79C}.Release|iPhoneSimulator.Build.0 = Release|Any CPU
		{289C73E7-DE85-4AF6-9605-007D2CE9B79C}.Release|x64.ActiveCfg = Release|Any CPU
		{289C73E7-DE85-4AF6-9605-007D2CE9B79C}.Release|x64.Build.0 = Release|Any CPU
		{289C73E7-DE85-4AF6-9605-007D2CE9B79C}.Release|x86.ActiveCfg = Release|Any CPU
		{289C73E7-DE85-4AF6-9605-007D2CE9B79C}.Release|x86.Build.0 = Release|Any CPU
	EndGlobalSection
	GlobalSection(SolutionProperties) = preSolution
		HideSolutionNode = FALSE
	EndGlobalSection
	GlobalSection(NestedProjects) = preSolution
		{60D56E4A-FA7A-4664-BEF0-0A29F41518BF} = {1131953F-78D7-4A70-B078-EEA3FC284FB5}
		{8B11C7C1-EA56-4449-B7A4-ECBB17D566C3} = {1131953F-78D7-4A70-B078-EEA3FC284FB5}
		{5359D055-6DD0-47FE-BA32-F6FDFAAFE999} = {1131953F-78D7-4A70-B078-EEA3FC284FB5}
		{A2DA940F-F006-42AD-B4AA-50766B32A9EA} = {1131953F-78D7-4A70-B078-EEA3FC284FB5}
		{3C8555BB-2BD9-4973-BFD9-DCAFDCD5955D} = {1131953F-78D7-4A70-B078-EEA3FC284FB5}
		{B1AEBA69-C61C-41E7-9126-2087B3D5CAFA} = {1131953F-78D7-4A70-B078-EEA3FC284FB5}
		{CC4A7F71-EF76-4D29-BF63-90E2F28D7C93} = {1131953F-78D7-4A70-B078-EEA3FC284FB5}
		{6E93B2E1-BF0B-4268-94BA-E951ECC4DD7F} = {1131953F-78D7-4A70-B078-EEA3FC284FB5}
		{63CBCF9E-E4B6-4932-90FA-4671F7351685} = {1131953F-78D7-4A70-B078-EEA3FC284FB5}
		{6647F17C-02E9-4EF2-B882-40E22A187744} = {1131953F-78D7-4A70-B078-EEA3FC284FB5}
		{26E05692-5C34-4457-96E6-DF65296284D7} = {1131953F-78D7-4A70-B078-EEA3FC284FB5}
		{830C467F-6068-4BCD-B8B8-6EAD72321350} = {1131953F-78D7-4A70-B078-EEA3FC284FB5}
		{AFAEF056-CAD3-4C32-AEC3-AAC35A251295} = {1131953F-78D7-4A70-B078-EEA3FC284FB5}
		{3678BB19-30C3-4FE4-BD8C-BF57954E0BEF} = {1131953F-78D7-4A70-B078-EEA3FC284FB5}
		{289C73E7-DE85-4AF6-9605-007D2CE9B79C} = {1131953F-78D7-4A70-B078-EEA3FC284FB5}
	EndGlobalSection
	GlobalSection(ExtensibilityGlobals) = postSolution
		SolutionGuid = {212564A4-FE40-45A2-8AE6-A466B277810C}
	EndGlobalSection
	GlobalSection(Performance) = preSolution
		HasPerformanceSessions = true
	EndGlobalSection
	GlobalSection(Performance) = preSolution
		HasPerformanceSessions = true
	EndGlobalSection
	GlobalSection(Performance) = preSolution
		HasPerformanceSessions = true
	EndGlobalSection
	GlobalSection(Performance) = preSolution
		HasPerformanceSessions = true
	EndGlobalSection
	GlobalSection(Performance) = preSolution
		HasPerformanceSessions = true
	EndGlobalSection
	GlobalSection(Performance) = preSolution
		HasPerformanceSessions = true
	EndGlobalSection
	GlobalSection(Performance) = preSolution
		HasPerformanceSessions = true
	EndGlobalSection
EndGlobal
