Microsoft Visual Studio Solution File, Format Version 12.00
# Visual Studio 15
VisualStudioVersion = 15.0.27004.2002
MinimumVisualStudioVersion = 15.0.26124.0
Project("{9A19103F-16F7-4668-BE54-9A1E7A4F7556}") = "Vd2", "vd2\Vd2.csproj", "{60D56E4A-FA7A-4664-BEF0-0A29F41518BF}"
EndProject
Project("{9A19103F-16F7-4668-BE54-9A1E7A4F7556}") = "TestApp", "TestApp\TestApp.csproj", "{DF70DBAF-0770-4588-AE6B-96DF1CEADC6A}"
EndProject
Project("{9A19103F-16F7-4668-BE54-9A1E7A4F7556}") = "VdSdl2", "VdSdl2\VdSdl2.csproj", "{8B11C7C1-EA56-4449-B7A4-ECBB17D566C3}"
EndProject
Project("{9A19103F-16F7-4668-BE54-9A1E7A4F7556}") = "NeoDemo", "NeoDemo\NeoDemo.csproj", "{5359D055-6DD0-47FE-BA32-F6FDFAAFE999}"
EndProject
Project("{9A19103F-16F7-4668-BE54-9A1E7A4F7556}") = "Vd2.StartupUtilities", "Vd2.StartupUtilities\Vd2.StartupUtilities.csproj", "{A2DA940F-F006-42AD-B4AA-50766B32A9EA}"
EndProject
Project("{9A19103F-16F7-4668-BE54-9A1E7A4F7556}") = "Vd2.Utilities", "Vd2.Utilities\Vd2.Utilities.csproj", "{3C8555BB-2BD9-4973-BFD9-DCAFDCD5955D}"
EndProject
Project("{9A19103F-16F7-4668-BE54-9A1E7A4F7556}") = "Vd2.ImageSharp", "Vd2.ImageSharp\Vd2.ImageSharp.csproj", "{B1AEBA69-C61C-41E7-9126-2087B3D5CAFA}"
EndProject
Project("{9A19103F-16F7-4668-BE54-9A1E7A4F7556}") = "Vd2.ImGui", "Vd2.ImGui\Vd2.ImGui.csproj", "{CC4A7F71-EF76-4D29-BF63-90E2F28D7C93}"
EndProject
Project("{9A19103F-16F7-4668-BE54-9A1E7A4F7556}") = "Vd2.OpenGLBinding", "Vd2.OpenGLBinding\Vd2.OpenGLBinding.csproj", "{84BC8E45-FC54-4B70-950D-B00AC87A17D9}"
EndProject
Global
	GlobalSection(SolutionConfigurationPlatforms) = preSolution
		Debug|Any CPU = Debug|Any CPU
		Debug|x64 = Debug|x64
		Debug|x86 = Debug|x86
		Release|Any CPU = Release|Any CPU
		Release|x64 = Release|x64
		Release|x86 = Release|x86
	EndGlobalSection
	GlobalSection(ProjectConfigurationPlatforms) = postSolution
		{60D56E4A-FA7A-4664-BEF0-0A29F41518BF}.Debug|Any CPU.ActiveCfg = Debug|Any CPU
		{60D56E4A-FA7A-4664-BEF0-0A29F41518BF}.Debug|Any CPU.Build.0 = Debug|Any CPU
		{60D56E4A-FA7A-4664-BEF0-0A29F41518BF}.Debug|x64.ActiveCfg = Debug|Any CPU
		{60D56E4A-FA7A-4664-BEF0-0A29F41518BF}.Debug|x64.Build.0 = Debug|Any CPU
		{60D56E4A-FA7A-4664-BEF0-0A29F41518BF}.Debug|x86.ActiveCfg = Debug|Any CPU
		{60D56E4A-FA7A-4664-BEF0-0A29F41518BF}.Debug|x86.Build.0 = Debug|Any CPU
		{60D56E4A-FA7A-4664-BEF0-0A29F41518BF}.Release|Any CPU.ActiveCfg = Release|Any CPU
		{60D56E4A-FA7A-4664-BEF0-0A29F41518BF}.Release|Any CPU.Build.0 = Release|Any CPU
		{60D56E4A-FA7A-4664-BEF0-0A29F41518BF}.Release|x64.ActiveCfg = Release|Any CPU
		{60D56E4A-FA7A-4664-BEF0-0A29F41518BF}.Release|x64.Build.0 = Release|Any CPU
		{60D56E4A-FA7A-4664-BEF0-0A29F41518BF}.Release|x86.ActiveCfg = Release|Any CPU
		{60D56E4A-FA7A-4664-BEF0-0A29F41518BF}.Release|x86.Build.0 = Release|Any CPU
		{DF70DBAF-0770-4588-AE6B-96DF1CEADC6A}.Debug|Any CPU.ActiveCfg = Debug|Any CPU
		{DF70DBAF-0770-4588-AE6B-96DF1CEADC6A}.Debug|Any CPU.Build.0 = Debug|Any CPU
		{DF70DBAF-0770-4588-AE6B-96DF1CEADC6A}.Debug|x64.ActiveCfg = Debug|Any CPU
		{DF70DBAF-0770-4588-AE6B-96DF1CEADC6A}.Debug|x64.Build.0 = Debug|Any CPU
		{DF70DBAF-0770-4588-AE6B-96DF1CEADC6A}.Debug|x86.ActiveCfg = Debug|Any CPU
		{DF70DBAF-0770-4588-AE6B-96DF1CEADC6A}.Debug|x86.Build.0 = Debug|Any CPU
		{DF70DBAF-0770-4588-AE6B-96DF1CEADC6A}.Release|Any CPU.ActiveCfg = Release|Any CPU
		{DF70DBAF-0770-4588-AE6B-96DF1CEADC6A}.Release|Any CPU.Build.0 = Release|Any CPU
		{DF70DBAF-0770-4588-AE6B-96DF1CEADC6A}.Release|x64.ActiveCfg = Release|Any CPU
		{DF70DBAF-0770-4588-AE6B-96DF1CEADC6A}.Release|x64.Build.0 = Release|Any CPU
		{DF70DBAF-0770-4588-AE6B-96DF1CEADC6A}.Release|x86.ActiveCfg = Release|Any CPU
		{DF70DBAF-0770-4588-AE6B-96DF1CEADC6A}.Release|x86.Build.0 = Release|Any CPU
		{8B11C7C1-EA56-4449-B7A4-ECBB17D566C3}.Debug|Any CPU.ActiveCfg = Debug|Any CPU
		{8B11C7C1-EA56-4449-B7A4-ECBB17D566C3}.Debug|Any CPU.Build.0 = Debug|Any CPU
		{8B11C7C1-EA56-4449-B7A4-ECBB17D566C3}.Debug|x64.ActiveCfg = Debug|Any CPU
		{8B11C7C1-EA56-4449-B7A4-ECBB17D566C3}.Debug|x64.Build.0 = Debug|Any CPU
		{8B11C7C1-EA56-4449-B7A4-ECBB17D566C3}.Debug|x86.ActiveCfg = Debug|Any CPU
		{8B11C7C1-EA56-4449-B7A4-ECBB17D566C3}.Debug|x86.Build.0 = Debug|Any CPU
		{8B11C7C1-EA56-4449-B7A4-ECBB17D566C3}.Release|Any CPU.ActiveCfg = Release|Any CPU
		{8B11C7C1-EA56-4449-B7A4-ECBB17D566C3}.Release|Any CPU.Build.0 = Release|Any CPU
		{8B11C7C1-EA56-4449-B7A4-ECBB17D566C3}.Release|x64.ActiveCfg = Release|Any CPU
		{8B11C7C1-EA56-4449-B7A4-ECBB17D566C3}.Release|x64.Build.0 = Release|Any CPU
		{8B11C7C1-EA56-4449-B7A4-ECBB17D566C3}.Release|x86.ActiveCfg = Release|Any CPU
		{8B11C7C1-EA56-4449-B7A4-ECBB17D566C3}.Release|x86.Build.0 = Release|Any CPU
		{5359D055-6DD0-47FE-BA32-F6FDFAAFE999}.Debug|Any CPU.ActiveCfg = Debug|Any CPU
		{5359D055-6DD0-47FE-BA32-F6FDFAAFE999}.Debug|Any CPU.Build.0 = Debug|Any CPU
		{5359D055-6DD0-47FE-BA32-F6FDFAAFE999}.Debug|x64.ActiveCfg = Debug|Any CPU
		{5359D055-6DD0-47FE-BA32-F6FDFAAFE999}.Debug|x64.Build.0 = Debug|Any CPU
		{5359D055-6DD0-47FE-BA32-F6FDFAAFE999}.Debug|x86.ActiveCfg = Debug|Any CPU
		{5359D055-6DD0-47FE-BA32-F6FDFAAFE999}.Debug|x86.Build.0 = Debug|Any CPU
		{5359D055-6DD0-47FE-BA32-F6FDFAAFE999}.Release|Any CPU.ActiveCfg = Release|Any CPU
		{5359D055-6DD0-47FE-BA32-F6FDFAAFE999}.Release|Any CPU.Build.0 = Release|Any CPU
		{5359D055-6DD0-47FE-BA32-F6FDFAAFE999}.Release|x64.ActiveCfg = Release|Any CPU
		{5359D055-6DD0-47FE-BA32-F6FDFAAFE999}.Release|x64.Build.0 = Release|Any CPU
		{5359D055-6DD0-47FE-BA32-F6FDFAAFE999}.Release|x86.ActiveCfg = Release|Any CPU
		{5359D055-6DD0-47FE-BA32-F6FDFAAFE999}.Release|x86.Build.0 = Release|Any CPU
		{A2DA940F-F006-42AD-B4AA-50766B32A9EA}.Debug|Any CPU.ActiveCfg = Debug|Any CPU
		{A2DA940F-F006-42AD-B4AA-50766B32A9EA}.Debug|Any CPU.Build.0 = Debug|Any CPU
		{A2DA940F-F006-42AD-B4AA-50766B32A9EA}.Debug|x64.ActiveCfg = Debug|Any CPU
		{A2DA940F-F006-42AD-B4AA-50766B32A9EA}.Debug|x64.Build.0 = Debug|Any CPU
		{A2DA940F-F006-42AD-B4AA-50766B32A9EA}.Debug|x86.ActiveCfg = Debug|Any CPU
		{A2DA940F-F006-42AD-B4AA-50766B32A9EA}.Debug|x86.Build.0 = Debug|Any CPU
		{A2DA940F-F006-42AD-B4AA-50766B32A9EA}.Release|Any CPU.ActiveCfg = Release|Any CPU
		{A2DA940F-F006-42AD-B4AA-50766B32A9EA}.Release|Any CPU.Build.0 = Release|Any CPU
		{A2DA940F-F006-42AD-B4AA-50766B32A9EA}.Release|x64.ActiveCfg = Release|Any CPU
		{A2DA940F-F006-42AD-B4AA-50766B32A9EA}.Release|x64.Build.0 = Release|Any CPU
		{A2DA940F-F006-42AD-B4AA-50766B32A9EA}.Release|x86.ActiveCfg = Release|Any CPU
		{A2DA940F-F006-42AD-B4AA-50766B32A9EA}.Release|x86.Build.0 = Release|Any CPU
		{3C8555BB-2BD9-4973-BFD9-DCAFDCD5955D}.Debug|Any CPU.ActiveCfg = Debug|Any CPU
		{3C8555BB-2BD9-4973-BFD9-DCAFDCD5955D}.Debug|Any CPU.Build.0 = Debug|Any CPU
		{3C8555BB-2BD9-4973-BFD9-DCAFDCD5955D}.Debug|x64.ActiveCfg = Debug|Any CPU
		{3C8555BB-2BD9-4973-BFD9-DCAFDCD5955D}.Debug|x64.Build.0 = Debug|Any CPU
		{3C8555BB-2BD9-4973-BFD9-DCAFDCD5955D}.Debug|x86.ActiveCfg = Debug|Any CPU
		{3C8555BB-2BD9-4973-BFD9-DCAFDCD5955D}.Debug|x86.Build.0 = Debug|Any CPU
		{3C8555BB-2BD9-4973-BFD9-DCAFDCD5955D}.Release|Any CPU.ActiveCfg = Release|Any CPU
		{3C8555BB-2BD9-4973-BFD9-DCAFDCD5955D}.Release|Any CPU.Build.0 = Release|Any CPU
		{3C8555BB-2BD9-4973-BFD9-DCAFDCD5955D}.Release|x64.ActiveCfg = Release|Any CPU
		{3C8555BB-2BD9-4973-BFD9-DCAFDCD5955D}.Release|x64.Build.0 = Release|Any CPU
		{3C8555BB-2BD9-4973-BFD9-DCAFDCD5955D}.Release|x86.ActiveCfg = Release|Any CPU
		{3C8555BB-2BD9-4973-BFD9-DCAFDCD5955D}.Release|x86.Build.0 = Release|Any CPU
		{B1AEBA69-C61C-41E7-9126-2087B3D5CAFA}.Debug|Any CPU.ActiveCfg = Debug|Any CPU
		{B1AEBA69-C61C-41E7-9126-2087B3D5CAFA}.Debug|Any CPU.Build.0 = Debug|Any CPU
		{B1AEBA69-C61C-41E7-9126-2087B3D5CAFA}.Debug|x64.ActiveCfg = Debug|Any CPU
		{B1AEBA69-C61C-41E7-9126-2087B3D5CAFA}.Debug|x64.Build.0 = Debug|Any CPU
		{B1AEBA69-C61C-41E7-9126-2087B3D5CAFA}.Debug|x86.ActiveCfg = Debug|Any CPU
		{B1AEBA69-C61C-41E7-9126-2087B3D5CAFA}.Debug|x86.Build.0 = Debug|Any CPU
		{B1AEBA69-C61C-41E7-9126-2087B3D5CAFA}.Release|Any CPU.ActiveCfg = Release|Any CPU
		{B1AEBA69-C61C-41E7-9126-2087B3D5CAFA}.Release|Any CPU.Build.0 = Release|Any CPU
		{B1AEBA69-C61C-41E7-9126-2087B3D5CAFA}.Release|x64.ActiveCfg = Release|Any CPU
		{B1AEBA69-C61C-41E7-9126-2087B3D5CAFA}.Release|x64.Build.0 = Release|Any CPU
		{B1AEBA69-C61C-41E7-9126-2087B3D5CAFA}.Release|x86.ActiveCfg = Release|Any CPU
		{B1AEBA69-C61C-41E7-9126-2087B3D5CAFA}.Release|x86.Build.0 = Release|Any CPU
		{CC4A7F71-EF76-4D29-BF63-90E2F28D7C93}.Debug|Any CPU.ActiveCfg = Debug|Any CPU
		{CC4A7F71-EF76-4D29-BF63-90E2F28D7C93}.Debug|Any CPU.Build.0 = Debug|Any CPU
		{CC4A7F71-EF76-4D29-BF63-90E2F28D7C93}.Debug|x64.ActiveCfg = Debug|Any CPU
		{CC4A7F71-EF76-4D29-BF63-90E2F28D7C93}.Debug|x64.Build.0 = Debug|Any CPU
		{CC4A7F71-EF76-4D29-BF63-90E2F28D7C93}.Debug|x86.ActiveCfg = Debug|Any CPU
		{CC4A7F71-EF76-4D29-BF63-90E2F28D7C93}.Debug|x86.Build.0 = Debug|Any CPU
		{CC4A7F71-EF76-4D29-BF63-90E2F28D7C93}.Release|Any CPU.ActiveCfg = Release|Any CPU
		{CC4A7F71-EF76-4D29-BF63-90E2F28D7C93}.Release|Any CPU.Build.0 = Release|Any CPU
		{CC4A7F71-EF76-4D29-BF63-90E2F28D7C93}.Release|x64.ActiveCfg = Release|Any CPU
		{CC4A7F71-EF76-4D29-BF63-90E2F28D7C93}.Release|x64.Build.0 = Release|Any CPU
		{CC4A7F71-EF76-4D29-BF63-90E2F28D7C93}.Release|x86.ActiveCfg = Release|Any CPU
		{CC4A7F71-EF76-4D29-BF63-90E2F28D7C93}.Release|x86.Build.0 = Release|Any CPU
		{84BC8E45-FC54-4B70-950D-B00AC87A17D9}.Debug|Any CPU.ActiveCfg = Debug|Any CPU
		{84BC8E45-FC54-4B70-950D-B00AC87A17D9}.Debug|Any CPU.Build.0 = Debug|Any CPU
		{84BC8E45-FC54-4B70-950D-B00AC87A17D9}.Debug|x64.ActiveCfg = Debug|Any CPU
		{84BC8E45-FC54-4B70-950D-B00AC87A17D9}.Debug|x64.Build.0 = Debug|Any CPU
		{84BC8E45-FC54-4B70-950D-B00AC87A17D9}.Debug|x86.ActiveCfg = Debug|Any CPU
		{84BC8E45-FC54-4B70-950D-B00AC87A17D9}.Debug|x86.Build.0 = Debug|Any CPU
		{84BC8E45-FC54-4B70-950D-B00AC87A17D9}.Release|Any CPU.ActiveCfg = Release|Any CPU
		{84BC8E45-FC54-4B70-950D-B00AC87A17D9}.Release|Any CPU.Build.0 = Release|Any CPU
		{84BC8E45-FC54-4B70-950D-B00AC87A17D9}.Release|x64.ActiveCfg = Release|Any CPU
		{84BC8E45-FC54-4B70-950D-B00AC87A17D9}.Release|x64.Build.0 = Release|Any CPU
		{84BC8E45-FC54-4B70-950D-B00AC87A17D9}.Release|x86.ActiveCfg = Release|Any CPU
		{84BC8E45-FC54-4B70-950D-B00AC87A17D9}.Release|x86.Build.0 = Release|Any CPU
	EndGlobalSection
	GlobalSection(SolutionProperties) = preSolution
		HideSolutionNode = FALSE
	EndGlobalSection
	GlobalSection(ExtensibilityGlobals) = postSolution
		SolutionGuid = {212564A4-FE40-45A2-8AE6-A466B277810C}
	EndGlobalSection
	GlobalSection(Performance) = preSolution
		HasPerformanceSessions = true
	EndGlobalSection
EndGlobal
