Microsoft Visual Studio Solution File, Format Version 12.00
# Visual Studio 15
VisualStudioVersion = 15.0.26730.12
MinimumVisualStudioVersion = 15.0.26124.0
Project("{9A19103F-16F7-4668-BE54-9A1E7A4F7556}") = "Vd2", "vd2\Vd2.csproj", "{60D56E4A-FA7A-4664-BEF0-0A29F41518BF}"
EndProject
Project("{9A19103F-16F7-4668-BE54-9A1E7A4F7556}") = "TestApp", "TestApp\TestApp.csproj", "{DF70DBAF-0770-4588-AE6B-96DF1CEADC6A}"
EndProject
Global
	GlobalSection(SolutionConfigurationPlatforms) = preSolution
		Debug|Any CPU = Debug|Any CPU
		Debug|x64 = Debug|x64
		Debug|x86 = Debug|x86
		Release|Any CPU = Release|Any CPU
		Release|x64 = Release|x64
		Release|x86 = Release|x86
	EndGlobalSection
	GlobalSection(ProjectConfigurationPlatforms) = postSolution
		{60D56E4A-FA7A-4664-BEF0-0A29F41518BF}.Debug|Any CPU.ActiveCfg = Debug|Any CPU
		{60D56E4A-FA7A-4664-BEF0-0A29F41518BF}.Debug|Any CPU.Build.0 = Debug|Any CPU
		{60D56E4A-FA7A-4664-BEF0-0A29F41518BF}.Debug|x64.ActiveCfg = Debug|Any CPU
		{60D56E4A-FA7A-4664-BEF0-0A29F41518BF}.Debug|x64.Build.0 = Debug|Any CPU
		{60D56E4A-FA7A-4664-BEF0-0A29F41518BF}.Debug|x86.ActiveCfg = Debug|Any CPU
		{60D56E4A-FA7A-4664-BEF0-0A29F41518BF}.Debug|x86.Build.0 = Debug|Any CPU
		{60D56E4A-FA7A-4664-BEF0-0A29F41518BF}.Release|Any CPU.ActiveCfg = Release|Any CPU
		{60D56E4A-FA7A-4664-BEF0-0A29F41518BF}.Release|Any CPU.Build.0 = Release|Any CPU
		{60D56E4A-FA7A-4664-BEF0-0A29F41518BF}.Release|x64.ActiveCfg = Release|Any CPU
		{60D56E4A-FA7A-4664-BEF0-0A29F41518BF}.Release|x64.Build.0 = Release|Any CPU
		{60D56E4A-FA7A-4664-BEF0-0A29F41518BF}.Release|x86.ActiveCfg = Release|Any CPU
		{60D56E4A-FA7A-4664-BEF0-0A29F41518BF}.Release|x86.Build.0 = Release|Any CPU
		{DF70DBAF-0770-4588-AE6B-96DF1CEADC6A}.Debug|Any CPU.ActiveCfg = Debug|Any CPU
		{DF70DBAF-0770-4588-AE6B-96DF1CEADC6A}.Debug|Any CPU.Build.0 = Debug|Any CPU
		{DF70DBAF-0770-4588-AE6B-96DF1CEADC6A}.Debug|x64.ActiveCfg = Debug|Any CPU
		{DF70DBAF-0770-4588-AE6B-96DF1CEADC6A}.Debug|x64.Build.0 = Debug|Any CPU
		{DF70DBAF-0770-4588-AE6B-96DF1CEADC6A}.Debug|x86.ActiveCfg = Debug|Any CPU
		{DF70DBAF-0770-4588-AE6B-96DF1CEADC6A}.Debug|x86.Build.0 = Debug|Any CPU
		{DF70DBAF-0770-4588-AE6B-96DF1CEADC6A}.Release|Any CPU.ActiveCfg = Release|Any CPU
		{DF70DBAF-0770-4588-AE6B-96DF1CEADC6A}.Release|Any CPU.Build.0 = Release|Any CPU
		{DF70DBAF-0770-4588-AE6B-96DF1CEADC6A}.Release|x64.ActiveCfg = Release|Any CPU
		{DF70DBAF-0770-4588-AE6B-96DF1CEADC6A}.Release|x64.Build.0 = Release|Any CPU
		{DF70DBAF-0770-4588-AE6B-96DF1CEADC6A}.Release|x86.ActiveCfg = Release|Any CPU
		{DF70DBAF-0770-4588-AE6B-96DF1CEADC6A}.Release|x86.Build.0 = Release|Any CPU
	EndGlobalSection
	GlobalSection(SolutionProperties) = preSolution
		HideSolutionNode = FALSE
	EndGlobalSection
	GlobalSection(ExtensibilityGlobals) = postSolution
		SolutionGuid = {212564A4-FE40-45A2-8AE6-A466B277810C}
	EndGlobalSection
EndGlobal
