Microsoft Visual Studio Solution File, Format Version 12.00
# Visual Studio 15
VisualStudioVersion = 15.0.26403.7
MinimumVisualStudioVersion = 10.0.40219.1
Project("{9A19103F-16F7-4668-BE54-9A1E7A4F7556}") = "Veldrid", "Veldrid\Veldrid.csproj", "{9A3407F9-B3DB-4CC7-8829-73A3E77DD296}"
EndProject
Project("{9A19103F-16F7-4668-BE54-9A1E7A4F7556}") = "Veldrid.Assets", "Veldrid.Assets\Veldrid.Assets.csproj", "{924650EA-7E86-4EE3-9EF2-2C9295CE4068}"
EndProject
Project("{9A19103F-16F7-4668-BE54-9A1E7A4F7556}") = "RenderDemo.Common", "RenderDemo.Common\RenderDemo.Common.csproj", "{AB43FDBB-DF5A-4AD8-938F-079F719FB6D5}"
EndProject
Project("{9A19103F-16F7-4668-BE54-9A1E7A4F7556}") = "RenderDemo", "RenderDemo\RenderDemo.csproj", "{6E51F1DA-1ECA-46B2-85F9-4FFA477B1B1D}"
EndProject
Project("{9A19103F-16F7-4668-BE54-9A1E7A4F7556}") = "Veldrid.ImGui", "Veldrid.ImGui\Veldrid.ImGui.csproj", "{1F75A532-6DFA-4F84-9879-1AD776C164DD}"
EndProject
Project("{9A19103F-16F7-4668-BE54-9A1E7A4F7556}") = "Veldrid.Primitives", "Veldrid.Primitives\Veldrid.Primitives.csproj", "{242FF27B-8979-4610-ACBB-51B7D1133F6D}"
EndProject
Project("{9A19103F-16F7-4668-BE54-9A1E7A4F7556}") = "Veldrid.Sdl2", "Veldrid.Sdl2\Veldrid.Sdl2.csproj", "{DFF40910-3081-4CC7-B72D-B0B809752F20}"
EndProject
Project("{9A19103F-16F7-4668-BE54-9A1E7A4F7556}") = "Veldrid.SystemAbstractions", "Veldrid.SystemAbstractions\Veldrid.SystemAbstractions.csproj", "{54CE2E7B-C80A-4832-8B50-D348F6D19DFD}"
EndProject
Global
	GlobalSection(SolutionConfigurationPlatforms) = preSolution
		Debug|Any CPU = Debug|Any CPU
		Debug|x64 = Debug|x64
		Debug|x86 = Debug|x86
		Release|Any CPU = Release|Any CPU
		Release|x64 = Release|x64
		Release|x86 = Release|x86
	EndGlobalSection
	GlobalSection(ProjectConfigurationPlatforms) = postSolution
		{9A3407F9-B3DB-4CC7-8829-73A3E77DD296}.Debug|Any CPU.ActiveCfg = Debug|Any CPU
		{9A3407F9-B3DB-4CC7-8829-73A3E77DD296}.Debug|Any CPU.Build.0 = Debug|Any CPU
		{9A3407F9-B3DB-4CC7-8829-73A3E77DD296}.Debug|x64.ActiveCfg = Debug|Any CPU
		{9A3407F9-B3DB-4CC7-8829-73A3E77DD296}.Debug|x64.Build.0 = Debug|Any CPU
		{9A3407F9-B3DB-4CC7-8829-73A3E77DD296}.Debug|x86.ActiveCfg = Debug|Any CPU
		{9A3407F9-B3DB-4CC7-8829-73A3E77DD296}.Debug|x86.Build.0 = Debug|Any CPU
		{9A3407F9-B3DB-4CC7-8829-73A3E77DD296}.Release|Any CPU.ActiveCfg = Release|Any CPU
		{9A3407F9-B3DB-4CC7-8829-73A3E77DD296}.Release|Any CPU.Build.0 = Release|Any CPU
		{9A3407F9-B3DB-4CC7-8829-73A3E77DD296}.Release|x64.ActiveCfg = Release|Any CPU
		{9A3407F9-B3DB-4CC7-8829-73A3E77DD296}.Release|x64.Build.0 = Release|Any CPU
		{9A3407F9-B3DB-4CC7-8829-73A3E77DD296}.Release|x86.ActiveCfg = Release|Any CPU
		{9A3407F9-B3DB-4CC7-8829-73A3E77DD296}.Release|x86.Build.0 = Release|Any CPU
		{924650EA-7E86-4EE3-9EF2-2C9295CE4068}.Debug|Any CPU.ActiveCfg = Debug|Any CPU
		{924650EA-7E86-4EE3-9EF2-2C9295CE4068}.Debug|Any CPU.Build.0 = Debug|Any CPU
		{924650EA-7E86-4EE3-9EF2-2C9295CE4068}.Debug|x64.ActiveCfg = Debug|Any CPU
		{924650EA-7E86-4EE3-9EF2-2C9295CE4068}.Debug|x64.Build.0 = Debug|Any CPU
		{924650EA-7E86-4EE3-9EF2-2C9295CE4068}.Debug|x86.ActiveCfg = Debug|Any CPU
		{924650EA-7E86-4EE3-9EF2-2C9295CE4068}.Debug|x86.Build.0 = Debug|Any CPU
		{924650EA-7E86-4EE3-9EF2-2C9295CE4068}.Release|Any CPU.ActiveCfg = Release|Any CPU
		{924650EA-7E86-4EE3-9EF2-2C9295CE4068}.Release|Any CPU.Build.0 = Release|Any CPU
		{924650EA-7E86-4EE3-9EF2-2C9295CE4068}.Release|x64.ActiveCfg = Release|Any CPU
		{924650EA-7E86-4EE3-9EF2-2C9295CE4068}.Release|x64.Build.0 = Release|Any CPU
		{924650EA-7E86-4EE3-9EF2-2C9295CE4068}.Release|x86.ActiveCfg = Release|Any CPU
		{924650EA-7E86-4EE3-9EF2-2C9295CE4068}.Release|x86.Build.0 = Release|Any CPU
		{AB43FDBB-DF5A-4AD8-938F-079F719FB6D5}.Debug|Any CPU.ActiveCfg = Debug|Any CPU
		{AB43FDBB-DF5A-4AD8-938F-079F719FB6D5}.Debug|Any CPU.Build.0 = Debug|Any CPU
		{AB43FDBB-DF5A-4AD8-938F-079F719FB6D5}.Debug|x64.ActiveCfg = Debug|Any CPU
		{AB43FDBB-DF5A-4AD8-938F-079F719FB6D5}.Debug|x64.Build.0 = Debug|Any CPU
		{AB43FDBB-DF5A-4AD8-938F-079F719FB6D5}.Debug|x86.ActiveCfg = Debug|Any CPU
		{AB43FDBB-DF5A-4AD8-938F-079F719FB6D5}.Debug|x86.Build.0 = Debug|Any CPU
		{AB43FDBB-DF5A-4AD8-938F-079F719FB6D5}.Release|Any CPU.ActiveCfg = Release|Any CPU
		{AB43FDBB-DF5A-4AD8-938F-079F719FB6D5}.Release|Any CPU.Build.0 = Release|Any CPU
		{AB43FDBB-DF5A-4AD8-938F-079F719FB6D5}.Release|x64.ActiveCfg = Release|Any CPU
		{AB43FDBB-DF5A-4AD8-938F-079F719FB6D5}.Release|x64.Build.0 = Release|Any CPU
		{AB43FDBB-DF5A-4AD8-938F-079F719FB6D5}.Release|x86.ActiveCfg = Release|Any CPU
		{AB43FDBB-DF5A-4AD8-938F-079F719FB6D5}.Release|x86.Build.0 = Release|Any CPU
		{6E51F1DA-1ECA-46B2-85F9-4FFA477B1B1D}.Debug|Any CPU.ActiveCfg = Debug|Any CPU
		{6E51F1DA-1ECA-46B2-85F9-4FFA477B1B1D}.Debug|Any CPU.Build.0 = Debug|Any CPU
		{6E51F1DA-1ECA-46B2-85F9-4FFA477B1B1D}.Debug|x64.ActiveCfg = Debug|Any CPU
		{6E51F1DA-1ECA-46B2-85F9-4FFA477B1B1D}.Debug|x64.Build.0 = Debug|Any CPU
		{6E51F1DA-1ECA-46B2-85F9-4FFA477B1B1D}.Debug|x86.ActiveCfg = Debug|Any CPU
		{6E51F1DA-1ECA-46B2-85F9-4FFA477B1B1D}.Debug|x86.Build.0 = Debug|Any CPU
		{6E51F1DA-1ECA-46B2-85F9-4FFA477B1B1D}.Release|Any CPU.ActiveCfg = Release|Any CPU
		{6E51F1DA-1ECA-46B2-85F9-4FFA477B1B1D}.Release|Any CPU.Build.0 = Release|Any CPU
		{6E51F1DA-1ECA-46B2-85F9-4FFA477B1B1D}.Release|x64.ActiveCfg = Release|Any CPU
		{6E51F1DA-1ECA-46B2-85F9-4FFA477B1B1D}.Release|x64.Build.0 = Release|Any CPU
		{6E51F1DA-1ECA-46B2-85F9-4FFA477B1B1D}.Release|x86.ActiveCfg = Release|Any CPU
		{6E51F1DA-1ECA-46B2-85F9-4FFA477B1B1D}.Release|x86.Build.0 = Release|Any CPU
		{1F75A532-6DFA-4F84-9879-1AD776C164DD}.Debug|Any CPU.ActiveCfg = Debug|Any CPU
		{1F75A532-6DFA-4F84-9879-1AD776C164DD}.Debug|Any CPU.Build.0 = Debug|Any CPU
		{1F75A532-6DFA-4F84-9879-1AD776C164DD}.Debug|x64.ActiveCfg = Debug|Any CPU
		{1F75A532-6DFA-4F84-9879-1AD776C164DD}.Debug|x64.Build.0 = Debug|Any CPU
		{1F75A532-6DFA-4F84-9879-1AD776C164DD}.Debug|x86.ActiveCfg = Debug|Any CPU
		{1F75A532-6DFA-4F84-9879-1AD776C164DD}.Debug|x86.Build.0 = Debug|Any CPU
		{1F75A532-6DFA-4F84-9879-1AD776C164DD}.Release|Any CPU.ActiveCfg = Release|Any CPU
		{1F75A532-6DFA-4F84-9879-1AD776C164DD}.Release|Any CPU.Build.0 = Release|Any CPU
		{1F75A532-6DFA-4F84-9879-1AD776C164DD}.Release|x64.ActiveCfg = Release|Any CPU
		{1F75A532-6DFA-4F84-9879-1AD776C164DD}.Release|x64.Build.0 = Release|Any CPU
		{1F75A532-6DFA-4F84-9879-1AD776C164DD}.Release|x86.ActiveCfg = Release|Any CPU
		{1F75A532-6DFA-4F84-9879-1AD776C164DD}.Release|x86.Build.0 = Release|Any CPU
		{242FF27B-8979-4610-ACBB-51B7D1133F6D}.Debug|Any CPU.ActiveCfg = Debug|Any CPU
		{242FF27B-8979-4610-ACBB-51B7D1133F6D}.Debug|Any CPU.Build.0 = Debug|Any CPU
		{242FF27B-8979-4610-ACBB-51B7D1133F6D}.Debug|x64.ActiveCfg = Debug|Any CPU
		{242FF27B-8979-4610-ACBB-51B7D1133F6D}.Debug|x64.Build.0 = Debug|Any CPU
		{242FF27B-8979-4610-ACBB-51B7D1133F6D}.Debug|x86.ActiveCfg = Debug|Any CPU
		{242FF27B-8979-4610-ACBB-51B7D1133F6D}.Debug|x86.Build.0 = Debug|Any CPU
		{242FF27B-8979-4610-ACBB-51B7D1133F6D}.Release|Any CPU.ActiveCfg = Release|Any CPU
		{242FF27B-8979-4610-ACBB-51B7D1133F6D}.Release|Any CPU.Build.0 = Release|Any CPU
		{242FF27B-8979-4610-ACBB-51B7D1133F6D}.Release|x64.ActiveCfg = Release|Any CPU
		{242FF27B-8979-4610-ACBB-51B7D1133F6D}.Release|x64.Build.0 = Release|Any CPU
		{242FF27B-8979-4610-ACBB-51B7D1133F6D}.Release|x86.ActiveCfg = Release|Any CPU
		{242FF27B-8979-4610-ACBB-51B7D1133F6D}.Release|x86.Build.0 = Release|Any CPU
		{DFF40910-3081-4CC7-B72D-B0B809752F20}.Debug|Any CPU.ActiveCfg = Debug|Any CPU
		{DFF40910-3081-4CC7-B72D-B0B809752F20}.Debug|Any CPU.Build.0 = Debug|Any CPU
		{DFF40910-3081-4CC7-B72D-B0B809752F20}.Debug|x64.ActiveCfg = Debug|Any CPU
		{DFF40910-3081-4CC7-B72D-B0B809752F20}.Debug|x64.Build.0 = Debug|Any CPU
		{DFF40910-3081-4CC7-B72D-B0B809752F20}.Debug|x86.ActiveCfg = Debug|Any CPU
		{DFF40910-3081-4CC7-B72D-B0B809752F20}.Debug|x86.Build.0 = Debug|Any CPU
		{DFF40910-3081-4CC7-B72D-B0B809752F20}.Release|Any CPU.ActiveCfg = Release|Any CPU
		{DFF40910-3081-4CC7-B72D-B0B809752F20}.Release|Any CPU.Build.0 = Release|Any CPU
		{DFF40910-3081-4CC7-B72D-B0B809752F20}.Release|x64.ActiveCfg = Release|Any CPU
		{DFF40910-3081-4CC7-B72D-B0B809752F20}.Release|x64.Build.0 = Release|Any CPU
		{DFF40910-3081-4CC7-B72D-B0B809752F20}.Release|x86.ActiveCfg = Release|Any CPU
		{DFF40910-3081-4CC7-B72D-B0B809752F20}.Release|x86.Build.0 = Release|Any CPU
		{54CE2E7B-C80A-4832-8B50-D348F6D19DFD}.Debug|Any CPU.ActiveCfg = Debug|Any CPU
		{54CE2E7B-C80A-4832-8B50-D348F6D19DFD}.Debug|Any CPU.Build.0 = Debug|Any CPU
		{54CE2E7B-C80A-4832-8B50-D348F6D19DFD}.Debug|x64.ActiveCfg = Debug|Any CPU
		{54CE2E7B-C80A-4832-8B50-D348F6D19DFD}.Debug|x64.Build.0 = Debug|Any CPU
		{54CE2E7B-C80A-4832-8B50-D348F6D19DFD}.Debug|x86.ActiveCfg = Debug|Any CPU
		{54CE2E7B-C80A-4832-8B50-D348F6D19DFD}.Debug|x86.Build.0 = Debug|Any CPU
		{54CE2E7B-C80A-4832-8B50-D348F6D19DFD}.Release|Any CPU.ActiveCfg = Release|Any CPU
		{54CE2E7B-C80A-4832-8B50-D348F6D19DFD}.Release|Any CPU.Build.0 = Release|Any CPU
		{54CE2E7B-C80A-4832-8B50-D348F6D19DFD}.Release|x64.ActiveCfg = Release|Any CPU
		{54CE2E7B-C80A-4832-8B50-D348F6D19DFD}.Release|x64.Build.0 = Release|Any CPU
		{54CE2E7B-C80A-4832-8B50-D348F6D19DFD}.Release|x86.ActiveCfg = Release|Any CPU
		{54CE2E7B-C80A-4832-8B50-D348F6D19DFD}.Release|x86.Build.0 = Release|Any CPU
	EndGlobalSection
	GlobalSection(SolutionProperties) = preSolution
		HideSolutionNode = FALSE
	EndGlobalSection
EndGlobal
