
Microsoft Visual Studio Solution File, Format Version 12.00
# Visual Studio 15
VisualStudioVersion = 15.0.27130.2027
MinimumVisualStudioVersion = 15.0.26124.0
Project("{9A19103F-16F7-4668-BE54-9A1E7A4F7556}") = "Veldrid", "Veldrid\Veldrid.csproj", "{60D56E4A-FA7A-4664-BEF0-0A29F41518BF}"
EndProject
Project("{9A19103F-16F7-4668-BE54-9A1E7A4F7556}") = "Veldrid.SDL2", "Veldrid.SDL2\Veldrid.SDL2.csproj", "{8B11C7C1-EA56-4449-B7A4-ECBB17D566C3}"
EndProject
Project("{9A19103F-16F7-4668-BE54-9A1E7A4F7556}") = "NeoDemo", "NeoDemo\NeoDemo.csproj", "{5359D055-6DD0-47FE-BA32-F6FDFAAFE999}"
EndProject
Project("{9A19103F-16F7-4668-BE54-9A1E7A4F7556}") = "Veldrid.StartupUtilities", "Veldrid.StartupUtilities\Veldrid.StartupUtilities.csproj", "{A2DA940F-F006-42AD-B4AA-50766B32A9EA}"
EndProject
Project("{9A19103F-16F7-4668-BE54-9A1E7A4F7556}") = "Veldrid.Utilities", "Veldrid.Utilities\Veldrid.Utilities.csproj", "{3C8555BB-2BD9-4973-BFD9-DCAFDCD5955D}"
EndProject
Project("{9A19103F-16F7-4668-BE54-9A1E7A4F7556}") = "Veldrid.ImageSharp", "Veldrid.ImageSharp\Veldrid.ImageSharp.csproj", "{B1AEBA69-C61C-41E7-9126-2087B3D5CAFA}"
EndProject
Project("{9A19103F-16F7-4668-BE54-9A1E7A4F7556}") = "Veldrid.ImGui", "Veldrid.ImGui\Veldrid.ImGui.csproj", "{CC4A7F71-EF76-4D29-BF63-90E2F28D7C93}"
EndProject
Project("{9A19103F-16F7-4668-BE54-9A1E7A4F7556}") = "Veldrid.OpenGLBindings", "Veldrid.OpenGLBindings\Veldrid.OpenGLBindings.csproj", "{6E93B2E1-BF0B-4268-94BA-E951ECC4DD7F}"
EndProject
Project("{9A19103F-16F7-4668-BE54-9A1E7A4F7556}") = "Veldrid.Tests", "Veldrid.Tests\Veldrid.Tests.csproj", "{63CBCF9E-E4B6-4932-90FA-4671F7351685}"
EndProject
Project("{9A19103F-16F7-4668-BE54-9A1E7A4F7556}") = "Veldrid.MetalBindings", "Veldrid.MetalBindings\Veldrid.MetalBindings.csproj", "{6647F17C-02E9-4EF2-B882-40E22A187744}"
EndProject
Project("{9A19103F-16F7-4668-BE54-9A1E7A4F7556}") = "Veldrid.VirtualReality", "Veldrid.VirtualReality\Veldrid.VirtualReality.csproj", "{26E05692-5C34-4457-96E6-DF65296284D7}"
EndProject
Project("{9A19103F-16F7-4668-BE54-9A1E7A4F7556}") = "Veldrid.VirtualReality.Sample", "Veldrid.VirtualReality.Sample\Veldrid.VirtualReality.Sample.csproj", "{830C467F-6068-4BCD-B8B8-6EAD72321350}"
EndProject
Project("{9A19103F-16F7-4668-BE54-9A1E7A4F7556}") = "Veldrid.RenderDoc", "Veldrid.RenderDoc\Veldrid.RenderDoc.csproj", "{AFAEF056-CAD3-4C32-AEC3-AAC35A251295}"
EndProject
Global
	GlobalSection(Performance) = preSolution
		HasPerformanceSessions = true
	EndGlobalSection
	GlobalSection(SolutionConfigurationPlatforms) = preSolution
		Debug|Any CPU = Debug|Any CPU
		Debug|ARM = Debug|ARM
		Debug|x64 = Debug|x64
		Debug|x86 = Debug|x86
		Release|Any CPU = Release|Any CPU
		Release|ARM = Release|ARM
		Release|x64 = Release|x64
		Release|x86 = Release|x86
	EndGlobalSection
	GlobalSection(ProjectConfigurationPlatforms) = postSolution
		{60D56E4A-FA7A-4664-BEF0-0A29F41518BF}.Debug|Any CPU.ActiveCfg = Debug|Any CPU
		{60D56E4A-FA7A-4664-BEF0-0A29F41518BF}.Debug|Any CPU.Build.0 = Debug|Any CPU
		{60D56E4A-FA7A-4664-BEF0-0A29F41518BF}.Debug|ARM.ActiveCfg = Debug|Any CPU
		{60D56E4A-FA7A-4664-BEF0-0A29F41518BF}.Debug|ARM.Build.0 = Debug|Any CPU
		{60D56E4A-FA7A-4664-BEF0-0A29F41518BF}.Debug|x64.ActiveCfg = Debug|Any CPU
		{60D56E4A-FA7A-4664-BEF0-0A29F41518BF}.Debug|x64.Build.0 = Debug|Any CPU
		{60D56E4A-FA7A-4664-BEF0-0A29F41518BF}.Debug|x86.ActiveCfg = Debug|Any CPU
		{60D56E4A-FA7A-4664-BEF0-0A29F41518BF}.Debug|x86.Build.0 = Debug|Any CPU
		{60D56E4A-FA7A-4664-BEF0-0A29F41518BF}.Release|Any CPU.ActiveCfg = Release|Any CPU
		{60D56E4A-FA7A-4664-BEF0-0A29F41518BF}.Release|Any CPU.Build.0 = Release|Any CPU
		{60D56E4A-FA7A-4664-BEF0-0A29F41518BF}.Release|ARM.ActiveCfg = Release|Any CPU
		{60D56E4A-FA7A-4664-BEF0-0A29F41518BF}.Release|ARM.Build.0 = Release|Any CPU
		{60D56E4A-FA7A-4664-BEF0-0A29F41518BF}.Release|x64.ActiveCfg = Release|Any CPU
		{60D56E4A-FA7A-4664-BEF0-0A29F41518BF}.Release|x64.Build.0 = Release|Any CPU
		{60D56E4A-FA7A-4664-BEF0-0A29F41518BF}.Release|x86.ActiveCfg = Release|Any CPU
		{60D56E4A-FA7A-4664-BEF0-0A29F41518BF}.Release|x86.Build.0 = Release|Any CPU
		{8B11C7C1-EA56-4449-B7A4-ECBB17D566C3}.Debug|Any CPU.ActiveCfg = Debug|Any CPU
		{8B11C7C1-EA56-4449-B7A4-ECBB17D566C3}.Debug|Any CPU.Build.0 = Debug|Any CPU
		{8B11C7C1-EA56-4449-B7A4-ECBB17D566C3}.Debug|ARM.ActiveCfg = Debug|Any CPU
		{8B11C7C1-EA56-4449-B7A4-ECBB17D566C3}.Debug|ARM.Build.0 = Debug|Any CPU
		{8B11C7C1-EA56-4449-B7A4-ECBB17D566C3}.Debug|x64.ActiveCfg = Debug|Any CPU
		{8B11C7C1-EA56-4449-B7A4-ECBB17D566C3}.Debug|x64.Build.0 = Debug|Any CPU
		{8B11C7C1-EA56-4449-B7A4-ECBB17D566C3}.Debug|x86.ActiveCfg = Debug|Any CPU
		{8B11C7C1-EA56-4449-B7A4-ECBB17D566C3}.Debug|x86.Build.0 = Debug|Any CPU
		{8B11C7C1-EA56-4449-B7A4-ECBB17D566C3}.Release|Any CPU.ActiveCfg = Release|Any CPU
		{8B11C7C1-EA56-4449-B7A4-ECBB17D566C3}.Release|Any CPU.Build.0 = Release|Any CPU
		{8B11C7C1-EA56-4449-B7A4-ECBB17D566C3}.Release|ARM.ActiveCfg = Release|Any CPU
		{8B11C7C1-EA56-4449-B7A4-ECBB17D566C3}.Release|ARM.Build.0 = Release|Any CPU
		{8B11C7C1-EA56-4449-B7A4-ECBB17D566C3}.Release|x64.ActiveCfg = Release|Any CPU
		{8B11C7C1-EA56-4449-B7A4-ECBB17D566C3}.Release|x64.Build.0 = Release|Any CPU
		{8B11C7C1-EA56-4449-B7A4-ECBB17D566C3}.Release|x86.ActiveCfg = Release|Any CPU
		{8B11C7C1-EA56-4449-B7A4-ECBB17D566C3}.Release|x86.Build.0 = Release|Any CPU
		{5359D055-6DD0-47FE-BA32-F6FDFAAFE999}.Debug|Any CPU.ActiveCfg = Debug|Any CPU
		{5359D055-6DD0-47FE-BA32-F6FDFAAFE999}.Debug|Any CPU.Build.0 = Debug|Any CPU
		{5359D055-6DD0-47FE-BA32-F6FDFAAFE999}.Debug|ARM.ActiveCfg = Debug|Any CPU
		{5359D055-6DD0-47FE-BA32-F6FDFAAFE999}.Debug|ARM.Build.0 = Debug|Any CPU
		{5359D055-6DD0-47FE-BA32-F6FDFAAFE999}.Debug|x64.ActiveCfg = Debug|Any CPU
		{5359D055-6DD0-47FE-BA32-F6FDFAAFE999}.Debug|x64.Build.0 = Debug|Any CPU
		{5359D055-6DD0-47FE-BA32-F6FDFAAFE999}.Debug|x86.ActiveCfg = Debug|Any CPU
		{5359D055-6DD0-47FE-BA32-F6FDFAAFE999}.Debug|x86.Build.0 = Debug|Any CPU
		{5359D055-6DD0-47FE-BA32-F6FDFAAFE999}.Release|Any CPU.ActiveCfg = Release|Any CPU
		{5359D055-6DD0-47FE-BA32-F6FDFAAFE999}.Release|Any CPU.Build.0 = Release|Any CPU
		{5359D055-6DD0-47FE-BA32-F6FDFAAFE999}.Release|ARM.ActiveCfg = Release|Any CPU
		{5359D055-6DD0-47FE-BA32-F6FDFAAFE999}.Release|ARM.Build.0 = Release|Any CPU
		{5359D055-6DD0-47FE-BA32-F6FDFAAFE999}.Release|x64.ActiveCfg = Release|Any CPU
		{5359D055-6DD0-47FE-BA32-F6FDFAAFE999}.Release|x64.Build.0 = Release|Any CPU
		{5359D055-6DD0-47FE-BA32-F6FDFAAFE999}.Release|x86.ActiveCfg = Release|Any CPU
		{5359D055-6DD0-47FE-BA32-F6FDFAAFE999}.Release|x86.Build.0 = Release|Any CPU
		{A2DA940F-F006-42AD-B4AA-50766B32A9EA}.Debug|Any CPU.ActiveCfg = Debug|Any CPU
		{A2DA940F-F006-42AD-B4AA-50766B32A9EA}.Debug|Any CPU.Build.0 = Debug|Any CPU
		{A2DA940F-F006-42AD-B4AA-50766B32A9EA}.Debug|ARM.ActiveCfg = Debug|Any CPU
		{A2DA940F-F006-42AD-B4AA-50766B32A9EA}.Debug|ARM.Build.0 = Debug|Any CPU
		{A2DA940F-F006-42AD-B4AA-50766B32A9EA}.Debug|x64.ActiveCfg = Debug|Any CPU
		{A2DA940F-F006-42AD-B4AA-50766B32A9EA}.Debug|x64.Build.0 = Debug|Any CPU
		{A2DA940F-F006-42AD-B4AA-50766B32A9EA}.Debug|x86.ActiveCfg = Debug|Any CPU
		{A2DA940F-F006-42AD-B4AA-50766B32A9EA}.Debug|x86.Build.0 = Debug|Any CPU
		{A2DA940F-F006-42AD-B4AA-50766B32A9EA}.Release|Any CPU.ActiveCfg = Release|Any CPU
		{A2DA940F-F006-42AD-B4AA-50766B32A9EA}.Release|Any CPU.Build.0 = Release|Any CPU
		{A2DA940F-F006-42AD-B4AA-50766B32A9EA}.Release|ARM.ActiveCfg = Release|Any CPU
		{A2DA940F-F006-42AD-B4AA-50766B32A9EA}.Release|ARM.Build.0 = Release|Any CPU
		{A2DA940F-F006-42AD-B4AA-50766B32A9EA}.Release|x64.ActiveCfg = Release|Any CPU
		{A2DA940F-F006-42AD-B4AA-50766B32A9EA}.Release|x64.Build.0 = Release|Any CPU
		{A2DA940F-F006-42AD-B4AA-50766B32A9EA}.Release|x86.ActiveCfg = Release|Any CPU
		{A2DA940F-F006-42AD-B4AA-50766B32A9EA}.Release|x86.Build.0 = Release|Any CPU
		{3C8555BB-2BD9-4973-BFD9-DCAFDCD5955D}.Debug|Any CPU.ActiveCfg = Debug|Any CPU
		{3C8555BB-2BD9-4973-BFD9-DCAFDCD5955D}.Debug|Any CPU.Build.0 = Debug|Any CPU
		{3C8555BB-2BD9-4973-BFD9-DCAFDCD5955D}.Debug|ARM.ActiveCfg = Debug|Any CPU
		{3C8555BB-2BD9-4973-BFD9-DCAFDCD5955D}.Debug|ARM.Build.0 = Debug|Any CPU
		{3C8555BB-2BD9-4973-BFD9-DCAFDCD5955D}.Debug|x64.ActiveCfg = Debug|Any CPU
		{3C8555BB-2BD9-4973-BFD9-DCAFDCD5955D}.Debug|x64.Build.0 = Debug|Any CPU
		{3C8555BB-2BD9-4973-BFD9-DCAFDCD5955D}.Debug|x86.ActiveCfg = Debug|Any CPU
		{3C8555BB-2BD9-4973-BFD9-DCAFDCD5955D}.Debug|x86.Build.0 = Debug|Any CPU
		{3C8555BB-2BD9-4973-BFD9-DCAFDCD5955D}.Release|Any CPU.ActiveCfg = Release|Any CPU
		{3C8555BB-2BD9-4973-BFD9-DCAFDCD5955D}.Release|Any CPU.Build.0 = Release|Any CPU
		{3C8555BB-2BD9-4973-BFD9-DCAFDCD5955D}.Release|ARM.ActiveCfg = Release|Any CPU
		{3C8555BB-2BD9-4973-BFD9-DCAFDCD5955D}.Release|ARM.Build.0 = Release|Any CPU
		{3C8555BB-2BD9-4973-BFD9-DCAFDCD5955D}.Release|x64.ActiveCfg = Release|Any CPU
		{3C8555BB-2BD9-4973-BFD9-DCAFDCD5955D}.Release|x64.Build.0 = Release|Any CPU
		{3C8555BB-2BD9-4973-BFD9-DCAFDCD5955D}.Release|x86.ActiveCfg = Release|Any CPU
		{3C8555BB-2BD9-4973-BFD9-DCAFDCD5955D}.Release|x86.Build.0 = Release|Any CPU
		{B1AEBA69-C61C-41E7-9126-2087B3D5CAFA}.Debug|Any CPU.ActiveCfg = Debug|Any CPU
		{B1AEBA69-C61C-41E7-9126-2087B3D5CAFA}.Debug|Any CPU.Build.0 = Debug|Any CPU
		{B1AEBA69-C61C-41E7-9126-2087B3D5CAFA}.Debug|ARM.ActiveCfg = Debug|Any CPU
		{B1AEBA69-C61C-41E7-9126-2087B3D5CAFA}.Debug|ARM.Build.0 = Debug|Any CPU
		{B1AEBA69-C61C-41E7-9126-2087B3D5CAFA}.Debug|x64.ActiveCfg = Debug|Any CPU
		{B1AEBA69-C61C-41E7-9126-2087B3D5CAFA}.Debug|x64.Build.0 = Debug|Any CPU
		{B1AEBA69-C61C-41E7-9126-2087B3D5CAFA}.Debug|x86.ActiveCfg = Debug|Any CPU
		{B1AEBA69-C61C-41E7-9126-2087B3D5CAFA}.Debug|x86.Build.0 = Debug|Any CPU
		{B1AEBA69-C61C-41E7-9126-2087B3D5CAFA}.Release|Any CPU.ActiveCfg = Release|Any CPU
		{B1AEBA69-C61C-41E7-9126-2087B3D5CAFA}.Release|Any CPU.Build.0 = Release|Any CPU
		{B1AEBA69-C61C-41E7-9126-2087B3D5CAFA}.Release|ARM.ActiveCfg = Release|Any CPU
		{B1AEBA69-C61C-41E7-9126-2087B3D5CAFA}.Release|ARM.Build.0 = Release|Any CPU
		{B1AEBA69-C61C-41E7-9126-2087B3D5CAFA}.Release|x64.ActiveCfg = Release|Any CPU
		{B1AEBA69-C61C-41E7-9126-2087B3D5CAFA}.Release|x64.Build.0 = Release|Any CPU
		{B1AEBA69-C61C-41E7-9126-2087B3D5CAFA}.Release|x86.ActiveCfg = Release|Any CPU
		{B1AEBA69-C61C-41E7-9126-2087B3D5CAFA}.Release|x86.Build.0 = Release|Any CPU
		{CC4A7F71-EF76-4D29-BF63-90E2F28D7C93}.Debug|Any CPU.ActiveCfg = Debug|Any CPU
		{CC4A7F71-EF76-4D29-BF63-90E2F28D7C93}.Debug|Any CPU.Build.0 = Debug|Any CPU
		{CC4A7F71-EF76-4D29-BF63-90E2F28D7C93}.Debug|ARM.ActiveCfg = Debug|Any CPU
		{CC4A7F71-EF76-4D29-BF63-90E2F28D7C93}.Debug|ARM.Build.0 = Debug|Any CPU
		{CC4A7F71-EF76-4D29-BF63-90E2F28D7C93}.Debug|x64.ActiveCfg = Debug|Any CPU
		{CC4A7F71-EF76-4D29-BF63-90E2F28D7C93}.Debug|x64.Build.0 = Debug|Any CPU
		{CC4A7F71-EF76-4D29-BF63-90E2F28D7C93}.Debug|x86.ActiveCfg = Debug|Any CPU
		{CC4A7F71-EF76-4D29-BF63-90E2F28D7C93}.Debug|x86.Build.0 = Debug|Any CPU
		{CC4A7F71-EF76-4D29-BF63-90E2F28D7C93}.Release|Any CPU.ActiveCfg = Release|Any CPU
		{CC4A7F71-EF76-4D29-BF63-90E2F28D7C93}.Release|Any CPU.Build.0 = Release|Any CPU
		{CC4A7F71-EF76-4D29-BF63-90E2F28D7C93}.Release|ARM.ActiveCfg = Release|Any CPU
		{CC4A7F71-EF76-4D29-BF63-90E2F28D7C93}.Release|ARM.Build.0 = Release|Any CPU
		{CC4A7F71-EF76-4D29-BF63-90E2F28D7C93}.Release|x64.ActiveCfg = Release|Any CPU
		{CC4A7F71-EF76-4D29-BF63-90E2F28D7C93}.Release|x64.Build.0 = Release|Any CPU
		{CC4A7F71-EF76-4D29-BF63-90E2F28D7C93}.Release|x86.ActiveCfg = Release|Any CPU
		{CC4A7F71-EF76-4D29-BF63-90E2F28D7C93}.Release|x86.Build.0 = Release|Any CPU
		{6E93B2E1-BF0B-4268-94BA-E951ECC4DD7F}.Debug|Any CPU.ActiveCfg = Debug|Any CPU
		{6E93B2E1-BF0B-4268-94BA-E951ECC4DD7F}.Debug|Any CPU.Build.0 = Debug|Any CPU
		{6E93B2E1-BF0B-4268-94BA-E951ECC4DD7F}.Debug|ARM.ActiveCfg = Debug|Any CPU
		{6E93B2E1-BF0B-4268-94BA-E951ECC4DD7F}.Debug|ARM.Build.0 = Debug|Any CPU
		{6E93B2E1-BF0B-4268-94BA-E951ECC4DD7F}.Debug|x64.ActiveCfg = Debug|Any CPU
		{6E93B2E1-BF0B-4268-94BA-E951ECC4DD7F}.Debug|x64.Build.0 = Debug|Any CPU
		{6E93B2E1-BF0B-4268-94BA-E951ECC4DD7F}.Debug|x86.ActiveCfg = Debug|Any CPU
		{6E93B2E1-BF0B-4268-94BA-E951ECC4DD7F}.Debug|x86.Build.0 = Debug|Any CPU
		{6E93B2E1-BF0B-4268-94BA-E951ECC4DD7F}.Release|Any CPU.ActiveCfg = Release|Any CPU
		{6E93B2E1-BF0B-4268-94BA-E951ECC4DD7F}.Release|Any CPU.Build.0 = Release|Any CPU
		{6E93B2E1-BF0B-4268-94BA-E951ECC4DD7F}.Release|ARM.ActiveCfg = Release|Any CPU
		{6E93B2E1-BF0B-4268-94BA-E951ECC4DD7F}.Release|ARM.Build.0 = Release|Any CPU
		{6E93B2E1-BF0B-4268-94BA-E951ECC4DD7F}.Release|x64.ActiveCfg = Release|Any CPU
		{6E93B2E1-BF0B-4268-94BA-E951ECC4DD7F}.Release|x64.Build.0 = Release|Any CPU
		{6E93B2E1-BF0B-4268-94BA-E951ECC4DD7F}.Release|x86.ActiveCfg = Release|Any CPU
		{6E93B2E1-BF0B-4268-94BA-E951ECC4DD7F}.Release|x86.Build.0 = Release|Any CPU
		{63CBCF9E-E4B6-4932-90FA-4671F7351685}.Debug|Any CPU.ActiveCfg = Debug|Any CPU
		{63CBCF9E-E4B6-4932-90FA-4671F7351685}.Debug|Any CPU.Build.0 = Debug|Any CPU
		{63CBCF9E-E4B6-4932-90FA-4671F7351685}.Debug|ARM.ActiveCfg = Debug|Any CPU
		{63CBCF9E-E4B6-4932-90FA-4671F7351685}.Debug|ARM.Build.0 = Debug|Any CPU
		{63CBCF9E-E4B6-4932-90FA-4671F7351685}.Debug|x64.ActiveCfg = Debug|Any CPU
		{63CBCF9E-E4B6-4932-90FA-4671F7351685}.Debug|x64.Build.0 = Debug|Any CPU
		{63CBCF9E-E4B6-4932-90FA-4671F7351685}.Debug|x86.ActiveCfg = Debug|Any CPU
		{63CBCF9E-E4B6-4932-90FA-4671F7351685}.Debug|x86.Build.0 = Debug|Any CPU
		{63CBCF9E-E4B6-4932-90FA-4671F7351685}.Release|Any CPU.ActiveCfg = Release|Any CPU
		{63CBCF9E-E4B6-4932-90FA-4671F7351685}.Release|Any CPU.Build.0 = Release|Any CPU
		{63CBCF9E-E4B6-4932-90FA-4671F7351685}.Release|ARM.ActiveCfg = Release|Any CPU
		{63CBCF9E-E4B6-4932-90FA-4671F7351685}.Release|ARM.Build.0 = Release|Any CPU
		{63CBCF9E-E4B6-4932-90FA-4671F7351685}.Release|x64.ActiveCfg = Release|Any CPU
		{63CBCF9E-E4B6-4932-90FA-4671F7351685}.Release|x64.Build.0 = Release|Any CPU
		{63CBCF9E-E4B6-4932-90FA-4671F7351685}.Release|x86.ActiveCfg = Release|Any CPU
		{63CBCF9E-E4B6-4932-90FA-4671F7351685}.Release|x86.Build.0 = Release|Any CPU
		{6647F17C-02E9-4EF2-B882-40E22A187744}.Debug|Any CPU.ActiveCfg = Debug|Any CPU
		{6647F17C-02E9-4EF2-B882-40E22A187744}.Debug|Any CPU.Build.0 = Debug|Any CPU
		{6647F17C-02E9-4EF2-B882-40E22A187744}.Debug|ARM.ActiveCfg = Debug|Any CPU
		{6647F17C-02E9-4EF2-B882-40E22A187744}.Debug|ARM.Build.0 = Debug|Any CPU
		{6647F17C-02E9-4EF2-B882-40E22A187744}.Debug|x64.ActiveCfg = Debug|Any CPU
		{6647F17C-02E9-4EF2-B882-40E22A187744}.Debug|x64.Build.0 = Debug|Any CPU
		{6647F17C-02E9-4EF2-B882-40E22A187744}.Debug|x86.ActiveCfg = Debug|Any CPU
		{6647F17C-02E9-4EF2-B882-40E22A187744}.Debug|x86.Build.0 = Debug|Any CPU
		{6647F17C-02E9-4EF2-B882-40E22A187744}.Release|Any CPU.ActiveCfg = Release|Any CPU
		{6647F17C-02E9-4EF2-B882-40E22A187744}.Release|Any CPU.Build.0 = Release|Any CPU
		{6647F17C-02E9-4EF2-B882-40E22A187744}.Release|ARM.ActiveCfg = Release|Any CPU
		{6647F17C-02E9-4EF2-B882-40E22A187744}.Release|ARM.Build.0 = Release|Any CPU
		{6647F17C-02E9-4EF2-B882-40E22A187744}.Release|x64.ActiveCfg = Release|Any CPU
		{6647F17C-02E9-4EF2-B882-40E22A187744}.Release|x64.Build.0 = Release|Any CPU
		{6647F17C-02E9-4EF2-B882-40E22A187744}.Release|x86.ActiveCfg = Release|Any CPU
		{6647F17C-02E9-4EF2-B882-40E22A187744}.Release|x86.Build.0 = Release|Any CPU
		{26E05692-5C34-4457-96E6-DF65296284D7}.Debug|Any CPU.ActiveCfg = Debug|Any CPU
		{26E05692-5C34-4457-96E6-DF65296284D7}.Debug|Any CPU.Build.0 = Debug|Any CPU
		{26E05692-5C34-4457-96E6-DF65296284D7}.Debug|ARM.ActiveCfg = Debug|Any CPU
		{26E05692-5C34-4457-96E6-DF65296284D7}.Debug|ARM.Build.0 = Debug|Any CPU
		{26E05692-5C34-4457-96E6-DF65296284D7}.Debug|x64.ActiveCfg = Debug|Any CPU
		{26E05692-5C34-4457-96E6-DF65296284D7}.Debug|x64.Build.0 = Debug|Any CPU
		{26E05692-5C34-4457-96E6-DF65296284D7}.Debug|x86.ActiveCfg = Debug|Any CPU
		{26E05692-5C34-4457-96E6-DF65296284D7}.Debug|x86.Build.0 = Debug|Any CPU
		{26E05692-5C34-4457-96E6-DF65296284D7}.Release|Any CPU.ActiveCfg = Release|Any CPU
		{26E05692-5C34-4457-96E6-DF65296284D7}.Release|Any CPU.Build.0 = Release|Any CPU
		{26E05692-5C34-4457-96E6-DF65296284D7}.Release|ARM.ActiveCfg = Release|Any CPU
		{26E05692-5C34-4457-96E6-DF65296284D7}.Release|ARM.Build.0 = Release|Any CPU
		{26E05692-5C34-4457-96E6-DF65296284D7}.Release|x64.ActiveCfg = Release|Any CPU
		{26E05692-5C34-4457-96E6-DF65296284D7}.Release|x64.Build.0 = Release|Any CPU
		{26E05692-5C34-4457-96E6-DF65296284D7}.Release|x86.ActiveCfg = Release|Any CPU
		{26E05692-5C34-4457-96E6-DF65296284D7}.Release|x86.Build.0 = Release|Any CPU
		{830C467F-6068-4BCD-B8B8-6EAD72321350}.Debug|Any CPU.ActiveCfg = Debug|Any CPU
		{830C467F-6068-4BCD-B8B8-6EAD72321350}.Debug|Any CPU.Build.0 = Debug|Any CPU
		{830C467F-6068-4BCD-B8B8-6EAD72321350}.Debug|ARM.ActiveCfg = Debug|Any CPU
		{830C467F-6068-4BCD-B8B8-6EAD72321350}.Debug|ARM.Build.0 = Debug|Any CPU
		{830C467F-6068-4BCD-B8B8-6EAD72321350}.Debug|x64.ActiveCfg = Debug|Any CPU
		{830C467F-6068-4BCD-B8B8-6EAD72321350}.Debug|x64.Build.0 = Debug|Any CPU
		{830C467F-6068-4BCD-B8B8-6EAD72321350}.Debug|x86.ActiveCfg = Debug|Any CPU
		{830C467F-6068-4BCD-B8B8-6EAD72321350}.Debug|x86.Build.0 = Debug|Any CPU
		{830C467F-6068-4BCD-B8B8-6EAD72321350}.Release|Any CPU.ActiveCfg = Release|Any CPU
		{830C467F-6068-4BCD-B8B8-6EAD72321350}.Release|Any CPU.Build.0 = Release|Any CPU
		{830C467F-6068-4BCD-B8B8-6EAD72321350}.Release|ARM.ActiveCfg = Release|Any CPU
		{830C467F-6068-4BCD-B8B8-6EAD72321350}.Release|ARM.Build.0 = Release|Any CPU
		{830C467F-6068-4BCD-B8B8-6EAD72321350}.Release|x64.ActiveCfg = Release|Any CPU
		{830C467F-6068-4BCD-B8B8-6EAD72321350}.Release|x64.Build.0 = Release|Any CPU
		{830C467F-6068-4BCD-B8B8-6EAD72321350}.Release|x86.ActiveCfg = Release|Any CPU
		{830C467F-6068-4BCD-B8B8-6EAD72321350}.Release|x86.Build.0 = Release|Any CPU
		{AFAEF056-CAD3-4C32-AEC3-AAC35A251295}.Debug|Any CPU.ActiveCfg = Debug|Any CPU
		{AFAEF056-CAD3-4C32-AEC3-AAC35A251295}.Debug|Any CPU.Build.0 = Debug|Any CPU
		{AFAEF056-CAD3-4C32-AEC3-AAC35A251295}.Debug|ARM.ActiveCfg = Debug|Any CPU
		{AFAEF056-CAD3-4C32-AEC3-AAC35A251295}.Debug|ARM.Build.0 = Debug|Any CPU
		{AFAEF056-CAD3-4C32-AEC3-AAC35A251295}.Debug|x64.ActiveCfg = Debug|Any CPU
		{AFAEF056-CAD3-4C32-AEC3-AAC35A251295}.Debug|x64.Build.0 = Debug|Any CPU
		{AFAEF056-CAD3-4C32-AEC3-AAC35A251295}.Debug|x86.ActiveCfg = Debug|Any CPU
		{AFAEF056-CAD3-4C32-AEC3-AAC35A251295}.Debug|x86.Build.0 = Debug|Any CPU
		{AFAEF056-CAD3-4C32-AEC3-AAC35A251295}.Release|Any CPU.ActiveCfg = Release|Any CPU
		{AFAEF056-CAD3-4C32-AEC3-AAC35A251295}.Release|Any CPU.Build.0 = Release|Any CPU
		{AFAEF056-CAD3-4C32-AEC3-AAC35A251295}.Release|ARM.ActiveCfg = Release|Any CPU
		{AFAEF056-CAD3-4C32-AEC3-AAC35A251295}.Release|ARM.Build.0 = Release|Any CPU
		{AFAEF056-CAD3-4C32-AEC3-AAC35A251295}.Release|x64.ActiveCfg = Release|Any CPU
		{AFAEF056-CAD3-4C32-AEC3-AAC35A251295}.Release|x64.Build.0 = Release|Any CPU
		{AFAEF056-CAD3-4C32-AEC3-AAC35A251295}.Release|x86.ActiveCfg = Release|Any CPU
		{AFAEF056-CAD3-4C32-AEC3-AAC35A251295}.Release|x86.Build.0 = Release|Any CPU
	EndGlobalSection
	GlobalSection(SolutionProperties) = preSolution
		HideSolutionNode = FALSE
	EndGlobalSection
	GlobalSection(ExtensibilityGlobals) = postSolution
		SolutionGuid = {212564A4-FE40-45A2-8AE6-A466B277810C}
	EndGlobalSection
	GlobalSection(Performance) = preSolution
		HasPerformanceSessions = true
	EndGlobalSection
	GlobalSection(Performance) = preSolution
		HasPerformanceSessions = true
	EndGlobalSection
	GlobalSection(Performance) = preSolution
		HasPerformanceSessions = true
	EndGlobalSection
	GlobalSection(Performance) = preSolution
		HasPerformanceSessions = true
	EndGlobalSection
	GlobalSection(Performance) = preSolution
		HasPerformanceSessions = true
	EndGlobalSection
	GlobalSection(Performance) = preSolution
		HasPerformanceSessions = true
	EndGlobalSection
EndGlobal
